// !$*UTF8*$!
{
	archiveVersion = 1;
	classes = {
	};
	objectVersion = 46;
	objects = {

/* Begin PBXBuildFile section */
		462C4EB01EEF820F0019E518 /* TestPriorityViewController.m in Sources */ = {isa = PBXBuildFile; fileRef = 462C4EAF1EEF820F0019E518 /* TestPriorityViewController.m */; };
		463480561F1C4B5000C5FDC4 /* MXCycleScrollView.m in Sources */ = {isa = PBXBuildFile; fileRef = 463480521F1C4B5000C5FDC4 /* MXCycleScrollView.m */; };
		463480571F1C4B5000C5FDC4 /* MXPageControlView.m in Sources */ = {isa = PBXBuildFile; fileRef = 463480551F1C4B5000C5FDC4 /* MXPageControlView.m */; };
		4634805E1F1C4B9B00C5FDC4 /* HXYCancelOrderViewController.m in Sources */ = {isa = PBXBuildFile; fileRef = 4634805A1F1C4B9B00C5FDC4 /* HXYCancelOrderViewController.m */; };
		4634805F1F1C4B9B00C5FDC4 /* HXYCancelTableViewCell.m in Sources */ = {isa = PBXBuildFile; fileRef = 4634805D1F1C4B9B00C5FDC4 /* HXYCancelTableViewCell.m */; };
		463480671F1C4FD500C5FDC4 /* HXYStarView.m in Sources */ = {isa = PBXBuildFile; fileRef = 463480661F1C4FD500C5FDC4 /* HXYStarView.m */; };
		4634808A1F1C50BD00C5FDC4 /* HXYPlayMediumView.m in Sources */ = {isa = PBXBuildFile; fileRef = 4634806A1F1C50BD00C5FDC4 /* HXYPlayMediumView.m */; };
		4634808B1F1C50BD00C5FDC4 /* ASValuePopUpView.m in Sources */ = {isa = PBXBuildFile; fileRef = 4634806D1F1C50BD00C5FDC4 /* ASValuePopUpView.m */; };
		4634808C1F1C50BD00C5FDC4 /* ASValueTrackingSlider.m in Sources */ = {isa = PBXBuildFile; fileRef = 4634806F1F1C50BD00C5FDC4 /* ASValueTrackingSlider.m */; };
		4634808D1F1C50BD00C5FDC4 /* UIAlertController+ZFPlayerRotation.m in Sources */ = {isa = PBXBuildFile; fileRef = 463480721F1C50BD00C5FDC4 /* UIAlertController+ZFPlayerRotation.m */; };
		4634808E1F1C50BD00C5FDC4 /* UIImageView+ZFCache.m in Sources */ = {isa = PBXBuildFile; fileRef = 463480741F1C50BD00C5FDC4 /* UIImageView+ZFCache.m */; };
		4634808F1F1C50BD00C5FDC4 /* UINavigationController+ZFPlayerRotation.m in Sources */ = {isa = PBXBuildFile; fileRef = 463480761F1C50BD00C5FDC4 /* UINavigationController+ZFPlayerRotation.m */; };
		463480901F1C50BD00C5FDC4 /* UITabBarController+ZFPlayerRotation.m in Sources */ = {isa = PBXBuildFile; fileRef = 463480781F1C50BD00C5FDC4 /* UITabBarController+ZFPlayerRotation.m */; };
		463480911F1C50BD00C5FDC4 /* UIView+CustomControlView.m in Sources */ = {isa = PBXBuildFile; fileRef = 4634807A1F1C50BD00C5FDC4 /* UIView+CustomControlView.m */; };
		463480921F1C50BD00C5FDC4 /* UIViewController+ZFPlayerRotation.m in Sources */ = {isa = PBXBuildFile; fileRef = 4634807C1F1C50BD00C5FDC4 /* UIViewController+ZFPlayerRotation.m */; };
		463480931F1C50BD00C5FDC4 /* MMMaterialDesignSpinner.m in Sources */ = {isa = PBXBuildFile; fileRef = 4634807E1F1C50BD00C5FDC4 /* MMMaterialDesignSpinner.m */; };
		463480941F1C50BD00C5FDC4 /* ZFBrightnessView.m in Sources */ = {isa = PBXBuildFile; fileRef = 463480801F1C50BD00C5FDC4 /* ZFBrightnessView.m */; };
		463480951F1C50BD00C5FDC4 /* ZFPlayer.bundle in Resources */ = {isa = PBXBuildFile; fileRef = 463480811F1C50BD00C5FDC4 /* ZFPlayer.bundle */; };
		463480961F1C50BD00C5FDC4 /* ZFPlayerControlView.m in Sources */ = {isa = PBXBuildFile; fileRef = 463480841F1C50BD00C5FDC4 /* ZFPlayerControlView.m */; };
		463480971F1C50BD00C5FDC4 /* ZFPlayerModel.m in Sources */ = {isa = PBXBuildFile; fileRef = 463480871F1C50BD00C5FDC4 /* ZFPlayerModel.m */; };
		463480981F1C50BD00C5FDC4 /* ZFPlayerView.m in Sources */ = {isa = PBXBuildFile; fileRef = 463480891F1C50BD00C5FDC4 /* ZFPlayerView.m */; };
		4634809F1F1C594900C5FDC4 /* MBProgressHUD+Category.m in Sources */ = {isa = PBXBuildFile; fileRef = 4634809B1F1C594900C5FDC4 /* MBProgressHUD+Category.m */; };
		463480A01F1C594900C5FDC4 /* MBProgressHUD.bundle in Resources */ = {isa = PBXBuildFile; fileRef = 4634809C1F1C594900C5FDC4 /* MBProgressHUD.bundle */; };
		463480A11F1C594900C5FDC4 /* MBProgressHUD.m in Sources */ = {isa = PBXBuildFile; fileRef = 4634809E1F1C594900C5FDC4 /* MBProgressHUD.m */; };
		463480A41F1C5DD900C5FDC4 /* RotatingView.m in Sources */ = {isa = PBXBuildFile; fileRef = 463480A31F1C5DD900C5FDC4 /* RotatingView.m */; };
		463ADD221EF110790062422D /* HXYAlertViewController.m in Sources */ = {isa = PBXBuildFile; fileRef = 463ADD211EF110790062422D /* HXYAlertViewController.m */; };
		46629DD91F00BA9500E3B1B9 /* HXYButton.m in Sources */ = {isa = PBXBuildFile; fileRef = 46629DD81F00BA9500E3B1B9 /* HXYButton.m */; };
		466EE17A1F0B94A200E9D018 /* HXYAuthenticationView.m in Sources */ = {isa = PBXBuildFile; fileRef = 466EE14F1F0B94A100E9D018 /* HXYAuthenticationView.m */; };
		466EE17B1F0B94A200E9D018 /* HXYBindPhoneView.m in Sources */ = {isa = PBXBuildFile; fileRef = 466EE1511F0B94A100E9D018 /* HXYBindPhoneView.m */; };
		466EE17C1F0B94A200E9D018 /* UIImageView+CornerRadius.m in Sources */ = {isa = PBXBuildFile; fileRef = 466EE1551F0B94A100E9D018 /* UIImageView+CornerRadius.m */; };
		466EE17D1F0B94A200E9D018 /* HXYKVOArrayModel.m in Sources */ = {isa = PBXBuildFile; fileRef = 466EE1571F0B94A100E9D018 /* HXYKVOArrayModel.m */; };
		466EE17E1F0B94A200E9D018 /* HXYLocationManager.m in Sources */ = {isa = PBXBuildFile; fileRef = 466EE1591F0B94A100E9D018 /* HXYLocationManager.m */; };
		466EE1821F0B94A200E9D018 /* NSDate+HXYCategory.m in Sources */ = {isa = PBXBuildFile; fileRef = 466EE1621F0B94A100E9D018 /* NSDate+HXYCategory.m */; };
		466EE1831F0B94A200E9D018 /* NSString+HXYCategory.m in Sources */ = {isa = PBXBuildFile; fileRef = 466EE1641F0B94A100E9D018 /* NSString+HXYCategory.m */; };
		466EE1841F0B94A200E9D018 /* UIButton+HXYCategory.m in Sources */ = {isa = PBXBuildFile; fileRef = 466EE1661F0B94A100E9D018 /* UIButton+HXYCategory.m */; };
		466EE1851F0B94A200E9D018 /* UIColor+HXYCategory.m in Sources */ = {isa = PBXBuildFile; fileRef = 466EE1681F0B94A100E9D018 /* UIColor+HXYCategory.m */; };
		466EE1861F0B94A200E9D018 /* UIImage+HXYCategory.m in Sources */ = {isa = PBXBuildFile; fileRef = 466EE16A1F0B94A100E9D018 /* UIImage+HXYCategory.m */; };
		466EE1871F0B94A200E9D018 /* UIImageView+HXYCategory.m in Sources */ = {isa = PBXBuildFile; fileRef = 466EE16C1F0B94A100E9D018 /* UIImageView+HXYCategory.m */; };
		466EE1881F0B94A200E9D018 /* UILabel+HXYCategory.m in Sources */ = {isa = PBXBuildFile; fileRef = 466EE16E1F0B94A100E9D018 /* UILabel+HXYCategory.m */; };
		466EE1891F0B94A200E9D018 /* UINavigationBar+Awesome.m in Sources */ = {isa = PBXBuildFile; fileRef = 466EE1701F0B94A100E9D018 /* UINavigationBar+Awesome.m */; };
		466EE18A1F0B94A200E9D018 /* UITableViewCell+HXYCategory.m in Sources */ = {isa = PBXBuildFile; fileRef = 466EE1721F0B94A100E9D018 /* UITableViewCell+HXYCategory.m */; };
		466EE18B1F0B94A200E9D018 /* UIView+HXYCategory.m in Sources */ = {isa = PBXBuildFile; fileRef = 466EE1741F0B94A100E9D018 /* UIView+HXYCategory.m */; };
		466EE18C1F0B94A200E9D018 /* UIViewController+HXYCategory.m in Sources */ = {isa = PBXBuildFile; fileRef = 466EE1761F0B94A100E9D018 /* UIViewController+HXYCategory.m */; };
		4677CC7C1EEA53C9007B9B53 /* dogebread.png in Resources */ = {isa = PBXBuildFile; fileRef = 4677CC7B1EEA53C9007B9B53 /* dogebread.png */; };
		4677CC7E1EEA53FA007B9B53 /* doge@2x.png in Resources */ = {isa = PBXBuildFile; fileRef = 4677CC7D1EEA53FA007B9B53 /* doge@2x.png */; };
		467AD36B1EF2160A00484253 /* SocketManager.m in Sources */ = {isa = PBXBuildFile; fileRef = 467AD36A1EF2160A00484253 /* SocketManager.m */; };
		467FB8D81EE7AA360057998A /* HXYMyViewController.m in Sources */ = {isa = PBXBuildFile; fileRef = 467FB8D71EE7AA360057998A /* HXYMyViewController.m */; };
		467FB8DC1EE8F0170057998A /* AlterableHeightCellViewController.m in Sources */ = {isa = PBXBuildFile; fileRef = 467FB8DB1EE8F0170057998A /* AlterableHeightCellViewController.m */; };
		467FB8DF1EE8F0230057998A /* AlterableHeightCellTableViewCell.m in Sources */ = {isa = PBXBuildFile; fileRef = 467FB8DE1EE8F0230057998A /* AlterableHeightCellTableViewCell.m */; };
		467FB8EF1EE94A5C0057998A /* AdViewController.m in Sources */ = {isa = PBXBuildFile; fileRef = 467FB8EE1EE94A5C0057998A /* AdViewController.m */; };
		467FB8F31EE950490057998A /* DynamicLabelViewController.m in Sources */ = {isa = PBXBuildFile; fileRef = 467FB8F21EE950490057998A /* DynamicLabelViewController.m */; };
		46BBC9D21EE10FE900818DD9 /* HXYCustomButton.m in Sources */ = {isa = PBXBuildFile; fileRef = 46BBC9B41EE10FE900818DD9 /* HXYCustomButton.m */; };
		46BBC9D31EE10FE900818DD9 /* HXYEstimateStarView.m in Sources */ = {isa = PBXBuildFile; fileRef = 46BBC9B61EE10FE900818DD9 /* HXYEstimateStarView.m */; };
		46BBC9DF1EE10FE900818DD9 /* HXYTextView.m in Sources */ = {isa = PBXBuildFile; fileRef = 46BBC9D11EE10FE900818DD9 /* HXYTextView.m */; };
		46BBC9F71EE6452A00818DD9 /* HXYHorizontalTextButton.m in Sources */ = {isa = PBXBuildFile; fileRef = 46BBC9F61EE6452A00818DD9 /* HXYHorizontalTextButton.m */; };
		46BBC9FD1EE676EE00818DD9 /* estimateSelected.png in Resources */ = {isa = PBXBuildFile; fileRef = 46BBC9F91EE676ED00818DD9 /* estimateSelected.png */; };
		46BBC9FE1EE676EE00818DD9 /* estimateSelected@2x.png in Resources */ = {isa = PBXBuildFile; fileRef = 46BBC9FA1EE676ED00818DD9 /* estimateSelected@2x.png */; };
		46BBC9FF1EE676EE00818DD9 /* estimateUnSelected.png in Resources */ = {isa = PBXBuildFile; fileRef = 46BBC9FB1EE676ED00818DD9 /* estimateUnSelected.png */; };
		46BBCA001EE676EE00818DD9 /* estimateUnSelected@2x.png in Resources */ = {isa = PBXBuildFile; fileRef = 46BBC9FC1EE676ED00818DD9 /* estimateUnSelected@2x.png */; };
		46BBCA041EE6772000818DD9 /* my_info_curve.png in Resources */ = {isa = PBXBuildFile; fileRef = 46BBCA021EE6772000818DD9 /* my_info_curve.png */; };
		46BBCA111EE6779500818DD9 /* me-buy.png in Resources */ = {isa = PBXBuildFile; fileRef = 46BBCA071EE6779500818DD9 /* me-buy.png */; };
		46BBCA121EE6779500818DD9 /* me-like.png in Resources */ = {isa = PBXBuildFile; fileRef = 46BBCA081EE6779500818DD9 /* me-like.png */; };
		46BBCA131EE6779500818DD9 /* me-public.png in Resources */ = {isa = PBXBuildFile; fileRef = 46BBCA091EE6779500818DD9 /* me-public.png */; };
		46BBCA141EE6779500818DD9 /* me-recive.png in Resources */ = {isa = PBXBuildFile; fileRef = 46BBCA0A1EE6779500818DD9 /* me-recive.png */; };
		46BBCA151EE6779500818DD9 /* me-sale.png in Resources */ = {isa = PBXBuildFile; fileRef = 46BBCA0B1EE6779500818DD9 /* me-sale.png */; };
		46BBCA161EE6779500818DD9 /* me-ticket.png in Resources */ = {isa = PBXBuildFile; fileRef = 46BBCA0C1EE6779500818DD9 /* me-ticket.png */; };
		46BBCA171EE6779500818DD9 /* 优惠券icon.png in Resources */ = {isa = PBXBuildFile; fileRef = 46BBCA0D1EE6779500818DD9 /* 优惠券icon.png */; };
		46BBCA181EE6779500818DD9 /* 现金_icon.png in Resources */ = {isa = PBXBuildFile; fileRef = 46BBCA0E1EE6779500818DD9 /* 现金_icon.png */; };
		46BBCA191EE6779500818DD9 /* 礼物.png in Resources */ = {isa = PBXBuildFile; fileRef = 46BBCA0F1EE6779500818DD9 /* 礼物.png */; };
		46BBCA1A1EE6779500818DD9 /* 许愿星_icon.png in Resources */ = {isa = PBXBuildFile; fileRef = 46BBCA101EE6779500818DD9 /* 许愿星_icon.png */; };
		46BBCA1C1EE6876E00818DD9 /* my_info_middleCurve.png in Resources */ = {isa = PBXBuildFile; fileRef = 46BBCA1B1EE6876E00818DD9 /* my_info_middleCurve.png */; };
		46E90F2D1EF3A34C0086BD7C /* libz.tbd in Frameworks */ = {isa = PBXBuildFile; fileRef = 46E90F2C1EF3A34C0086BD7C /* libz.tbd */; };
		46E90F2F1EF3A3530086BD7C /* libbz2.tbd in Frameworks */ = {isa = PBXBuildFile; fileRef = 46E90F2E1EF3A3530086BD7C /* libbz2.tbd */; };
		46E90F311EF3A3580086BD7C /* AudioToolbox.framework in Frameworks */ = {isa = PBXBuildFile; fileRef = 46E90F301EF3A3580086BD7C /* AudioToolbox.framework */; };
		46E90F331EF3A35D0086BD7C /* AVFoundation.framework in Frameworks */ = {isa = PBXBuildFile; fileRef = 46E90F321EF3A35D0086BD7C /* AVFoundation.framework */; };
		46E90F351EF3A3620086BD7C /* CoreGraphics.framework in Frameworks */ = {isa = PBXBuildFile; fileRef = 46E90F341EF3A3620086BD7C /* CoreGraphics.framework */; };
		46E90F371EF3A36C0086BD7C /* CoreMedia.framework in Frameworks */ = {isa = PBXBuildFile; fileRef = 46E90F361EF3A36C0086BD7C /* CoreMedia.framework */; };
		46E90F391EF3A3740086BD7C /* CoreVideo.framework in Frameworks */ = {isa = PBXBuildFile; fileRef = 46E90F381EF3A3740086BD7C /* CoreVideo.framework */; };
		46E90F3B1EF3A3790086BD7C /* MediaPlayer.framework in Frameworks */ = {isa = PBXBuildFile; fileRef = 46E90F3A1EF3A3790086BD7C /* MediaPlayer.framework */; };
		46E90F3D1EF3A3860086BD7C /* MobileCoreServices.framework in Frameworks */ = {isa = PBXBuildFile; fileRef = 46E90F3C1EF3A3860086BD7C /* MobileCoreServices.framework */; };
		46E90F3F1EF3A38C0086BD7C /* OpenGLES.framework in Frameworks */ = {isa = PBXBuildFile; fileRef = 46E90F3E1EF3A38C0086BD7C /* OpenGLES.framework */; };
		46E90F411EF3A3910086BD7C /* QuartzCore.framework in Frameworks */ = {isa = PBXBuildFile; fileRef = 46E90F401EF3A3910086BD7C /* QuartzCore.framework */; };
		46E90F431EF3A3960086BD7C /* UIKit.framework in Frameworks */ = {isa = PBXBuildFile; fileRef = 46E90F421EF3A3960086BD7C /* UIKit.framework */; };
		46E90F451EF3A39C0086BD7C /* VideoToolbox.framework in Frameworks */ = {isa = PBXBuildFile; fileRef = 46E90F441EF3A39C0086BD7C /* VideoToolbox.framework */; };
		DC1F66581EE03BA100B2DA20 /* HxyTestCellViewController.m in Sources */ = {isa = PBXBuildFile; fileRef = DC1F66571EE03BA100B2DA20 /* HxyTestCellViewController.m */; };
		DC1F665B1EE03BEB00B2DA20 /* HXYMyInfoView.m in Sources */ = {isa = PBXBuildFile; fileRef = DC1F665A1EE03BEB00B2DA20 /* HXYMyInfoView.m */; };
		DC1F66611EE0408C00B2DA20 /* drawCurve.m in Sources */ = {isa = PBXBuildFile; fileRef = DC1F66601EE0408C00B2DA20 /* drawCurve.m */; };
		DC33C8C61EE57CCD000858A0 /* BezierPathLearning.m in Sources */ = {isa = PBXBuildFile; fileRef = DC33C8C51EE57CCD000858A0 /* BezierPathLearning.m */; };
		DC33C8FA1EFAA6A9000858A0 /* Case1ViewController.m in Sources */ = {isa = PBXBuildFile; fileRef = DC33C8F81EFAA6A9000858A0 /* Case1ViewController.m */; };
		DC33C8FD1EFAB46E000858A0 /* InterestingAutolayout.storyboard in Resources */ = {isa = PBXBuildFile; fileRef = DC33C8FC1EFAB46E000858A0 /* InterestingAutolayout.storyboard */; };
		DC33C9001EFAB808000858A0 /* AutoLayout2ViewController.m in Sources */ = {isa = PBXBuildFile; fileRef = DC33C8FF1EFAB808000858A0 /* AutoLayout2ViewController.m */; };
		DC33C9031EFBF975000858A0 /* Case2ViewController.m in Sources */ = {isa = PBXBuildFile; fileRef = DC33C9021EFBF975000858A0 /* Case2ViewController.m */; };
		DC33C9061EFC05A0000858A0 /* PercentWIdthViewController.m in Sources */ = {isa = PBXBuildFile; fileRef = DC33C9051EFC05A0000858A0 /* PercentWIdthViewController.m */; };
		DC46ED6F1EFF84E3005A1302 /* selfAdjustCellViewController.m in Sources */ = {isa = PBXBuildFile; fileRef = DC46ED6E1EFF84E3005A1302 /* selfAdjustCellViewController.m */; };
		DC46ED721EFF8531005A1302 /* SelfAdjustTableViewCell.m in Sources */ = {isa = PBXBuildFile; fileRef = DC46ED711EFF8531005A1302 /* SelfAdjustTableViewCell.m */; };
		DC46ED751EFF8722005A1302 /* Model.m in Sources */ = {isa = PBXBuildFile; fileRef = DC46ED741EFF8722005A1302 /* Model.m */; };
		DC46ED781EFF8829005A1302 /* Common.m in Sources */ = {isa = PBXBuildFile; fileRef = DC46ED771EFF8829005A1302 /* Common.m */; };
		DC46ED7B1F012852005A1302 /* case5ViewController.m in Sources */ = {isa = PBXBuildFile; fileRef = DC46ED7A1F012852005A1302 /* case5ViewController.m */; };
		DC46ED811F028A6A005A1302 /* Case7TableViewController.m in Sources */ = {isa = PBXBuildFile; fileRef = DC46ED801F028A6A005A1302 /* Case7TableViewController.m */; };
		DCFDE64D1ED9CACB0006DCFE /* main.m in Sources */ = {isa = PBXBuildFile; fileRef = DCFDE64C1ED9CACB0006DCFE /* main.m */; };
		DCFDE6501ED9CACB0006DCFE /* AppDelegate.m in Sources */ = {isa = PBXBuildFile; fileRef = DCFDE64F1ED9CACB0006DCFE /* AppDelegate.m */; };
		DCFDE6531ED9CACB0006DCFE /* ViewController.m in Sources */ = {isa = PBXBuildFile; fileRef = DCFDE6521ED9CACB0006DCFE /* ViewController.m */; };
		DCFDE6561ED9CACB0006DCFE /* Main.storyboard in Resources */ = {isa = PBXBuildFile; fileRef = DCFDE6541ED9CACB0006DCFE /* Main.storyboard */; };
		DCFDE6581ED9CACB0006DCFE /* Assets.xcassets in Resources */ = {isa = PBXBuildFile; fileRef = DCFDE6571ED9CACB0006DCFE /* Assets.xcassets */; };
		DCFDE65B1ED9CACB0006DCFE /* LaunchScreen.storyboard in Resources */ = {isa = PBXBuildFile; fileRef = DCFDE6591ED9CACB0006DCFE /* LaunchScreen.storyboard */; };
		DCFDE6641ED9CF8D0006DCFE /* HXYMyTableViewCell.m in Sources */ = {isa = PBXBuildFile; fileRef = DCFDE6631ED9CF8D0006DCFE /* HXYMyTableViewCell.m */; };
		E7CD257FC33007B60161307B /* Pods_textAll.framework in Frameworks */ = {isa = PBXBuildFile; fileRef = 6156D5A9A04864CA16C79CC9 /* Pods_textAll.framework */; };
/* End PBXBuildFile section */

/* Begin PBXFileReference section */
		1C30AEBB22BFDC2BDFE7C21E /* Pods-textAll.debug.xcconfig */ = {isa = PBXFileReference; includeInIndex = 1; lastKnownFileType = text.xcconfig; name = "Pods-textAll.debug.xcconfig"; path = "Pods/Target Support Files/Pods-textAll/Pods-textAll.debug.xcconfig"; sourceTree = "<group>"; };
		365083BED8CD77AFA88AE881 /* Pods-textAll.release.xcconfig */ = {isa = PBXFileReference; includeInIndex = 1; lastKnownFileType = text.xcconfig; name = "Pods-textAll.release.xcconfig"; path = "Pods/Target Support Files/Pods-textAll/Pods-textAll.release.xcconfig"; sourceTree = "<group>"; };
		462C4EAE1EEF820F0019E518 /* TestPriorityViewController.h */ = {isa = PBXFileReference; fileEncoding = 4; lastKnownFileType = sourcecode.c.h; path = TestPriorityViewController.h; sourceTree = "<group>"; };
		462C4EAF1EEF820F0019E518 /* TestPriorityViewController.m */ = {isa = PBXFileReference; fileEncoding = 4; lastKnownFileType = sourcecode.c.objc; path = TestPriorityViewController.m; sourceTree = "<group>"; };
		463480511F1C4B5000C5FDC4 /* MXCycleScrollView.h */ = {isa = PBXFileReference; fileEncoding = 4; lastKnownFileType = sourcecode.c.h; path = MXCycleScrollView.h; sourceTree = "<group>"; };
		463480521F1C4B5000C5FDC4 /* MXCycleScrollView.m */ = {isa = PBXFileReference; fileEncoding = 4; lastKnownFileType = sourcecode.c.objc; path = MXCycleScrollView.m; sourceTree = "<group>"; };
		463480531F1C4B5000C5FDC4 /* MXCycleScrollViewHeader.h */ = {isa = PBXFileReference; fileEncoding = 4; lastKnownFileType = sourcecode.c.h; path = MXCycleScrollViewHeader.h; sourceTree = "<group>"; };
		463480541F1C4B5000C5FDC4 /* MXPageControlView.h */ = {isa = PBXFileReference; fileEncoding = 4; lastKnownFileType = sourcecode.c.h; path = MXPageControlView.h; sourceTree = "<group>"; };
		463480551F1C4B5000C5FDC4 /* MXPageControlView.m */ = {isa = PBXFileReference; fileEncoding = 4; lastKnownFileType = sourcecode.c.objc; path = MXPageControlView.m; sourceTree = "<group>"; };
		463480591F1C4B9B00C5FDC4 /* HXYCancelOrderViewController.h */ = {isa = PBXFileReference; fileEncoding = 4; lastKnownFileType = sourcecode.c.h; path = HXYCancelOrderViewController.h; sourceTree = "<group>"; };
		4634805A1F1C4B9B00C5FDC4 /* HXYCancelOrderViewController.m */ = {isa = PBXFileReference; fileEncoding = 4; lastKnownFileType = sourcecode.c.objc; path = HXYCancelOrderViewController.m; sourceTree = "<group>"; };
		4634805C1F1C4B9B00C5FDC4 /* HXYCancelTableViewCell.h */ = {isa = PBXFileReference; fileEncoding = 4; lastKnownFileType = sourcecode.c.h; path = HXYCancelTableViewCell.h; sourceTree = "<group>"; };
		4634805D1F1C4B9B00C5FDC4 /* HXYCancelTableViewCell.m */ = {isa = PBXFileReference; fileEncoding = 4; lastKnownFileType = sourcecode.c.objc; path = HXYCancelTableViewCell.m; sourceTree = "<group>"; };
		463480651F1C4FD500C5FDC4 /* HXYStarView.h */ = {isa = PBXFileReference; fileEncoding = 4; lastKnownFileType = sourcecode.c.h; path = HXYStarView.h; sourceTree = "<group>"; };
		463480661F1C4FD500C5FDC4 /* HXYStarView.m */ = {isa = PBXFileReference; fileEncoding = 4; lastKnownFileType = sourcecode.c.objc; path = HXYStarView.m; sourceTree = "<group>"; };
		463480691F1C50BD00C5FDC4 /* HXYPlayMediumView.h */ = {isa = PBXFileReference; fileEncoding = 4; lastKnownFileType = sourcecode.c.h; path = HXYPlayMediumView.h; sourceTree = "<group>"; };
		4634806A1F1C50BD00C5FDC4 /* HXYPlayMediumView.m */ = {isa = PBXFileReference; fileEncoding = 4; lastKnownFileType = sourcecode.c.objc; path = HXYPlayMediumView.m; sourceTree = "<group>"; };
		4634806C1F1C50BD00C5FDC4 /* ASValuePopUpView.h */ = {isa = PBXFileReference; fileEncoding = 4; lastKnownFileType = sourcecode.c.h; path = ASValuePopUpView.h; sourceTree = "<group>"; };
		4634806D1F1C50BD00C5FDC4 /* ASValuePopUpView.m */ = {isa = PBXFileReference; fileEncoding = 4; lastKnownFileType = sourcecode.c.objc; path = ASValuePopUpView.m; sourceTree = "<group>"; };
		4634806E1F1C50BD00C5FDC4 /* ASValueTrackingSlider.h */ = {isa = PBXFileReference; fileEncoding = 4; lastKnownFileType = sourcecode.c.h; path = ASValueTrackingSlider.h; sourceTree = "<group>"; };
		4634806F1F1C50BD00C5FDC4 /* ASValueTrackingSlider.m */ = {isa = PBXFileReference; fileEncoding = 4; lastKnownFileType = sourcecode.c.objc; path = ASValueTrackingSlider.m; sourceTree = "<group>"; };
		463480711F1C50BD00C5FDC4 /* UIAlertController+ZFPlayerRotation.h */ = {isa = PBXFileReference; fileEncoding = 4; lastKnownFileType = sourcecode.c.h; path = "UIAlertController+ZFPlayerRotation.h"; sourceTree = "<group>"; };
		463480721F1C50BD00C5FDC4 /* UIAlertController+ZFPlayerRotation.m */ = {isa = PBXFileReference; fileEncoding = 4; lastKnownFileType = sourcecode.c.objc; path = "UIAlertController+ZFPlayerRotation.m"; sourceTree = "<group>"; };
		463480731F1C50BD00C5FDC4 /* UIImageView+ZFCache.h */ = {isa = PBXFileReference; fileEncoding = 4; lastKnownFileType = sourcecode.c.h; path = "UIImageView+ZFCache.h"; sourceTree = "<group>"; };
		463480741F1C50BD00C5FDC4 /* UIImageView+ZFCache.m */ = {isa = PBXFileReference; fileEncoding = 4; lastKnownFileType = sourcecode.c.objc; path = "UIImageView+ZFCache.m"; sourceTree = "<group>"; };
		463480751F1C50BD00C5FDC4 /* UINavigationController+ZFPlayerRotation.h */ = {isa = PBXFileReference; fileEncoding = 4; lastKnownFileType = sourcecode.c.h; path = "UINavigationController+ZFPlayerRotation.h"; sourceTree = "<group>"; };
		463480761F1C50BD00C5FDC4 /* UINavigationController+ZFPlayerRotation.m */ = {isa = PBXFileReference; fileEncoding = 4; lastKnownFileType = sourcecode.c.objc; path = "UINavigationController+ZFPlayerRotation.m"; sourceTree = "<group>"; };
		463480771F1C50BD00C5FDC4 /* UITabBarController+ZFPlayerRotation.h */ = {isa = PBXFileReference; fileEncoding = 4; lastKnownFileType = sourcecode.c.h; path = "UITabBarController+ZFPlayerRotation.h"; sourceTree = "<group>"; };
		463480781F1C50BD00C5FDC4 /* UITabBarController+ZFPlayerRotation.m */ = {isa = PBXFileReference; fileEncoding = 4; lastKnownFileType = sourcecode.c.objc; path = "UITabBarController+ZFPlayerRotation.m"; sourceTree = "<group>"; };
		463480791F1C50BD00C5FDC4 /* UIView+CustomControlView.h */ = {isa = PBXFileReference; fileEncoding = 4; lastKnownFileType = sourcecode.c.h; path = "UIView+CustomControlView.h"; sourceTree = "<group>"; };
		4634807A1F1C50BD00C5FDC4 /* UIView+CustomControlView.m */ = {isa = PBXFileReference; fileEncoding = 4; lastKnownFileType = sourcecode.c.objc; path = "UIView+CustomControlView.m"; sourceTree = "<group>"; };
		4634807B1F1C50BD00C5FDC4 /* UIViewController+ZFPlayerRotation.h */ = {isa = PBXFileReference; fileEncoding = 4; lastKnownFileType = sourcecode.c.h; path = "UIViewController+ZFPlayerRotation.h"; sourceTree = "<group>"; };
		4634807C1F1C50BD00C5FDC4 /* UIViewController+ZFPlayerRotation.m */ = {isa = PBXFileReference; fileEncoding = 4; lastKnownFileType = sourcecode.c.objc; path = "UIViewController+ZFPlayerRotation.m"; sourceTree = "<group>"; };
		4634807D1F1C50BD00C5FDC4 /* MMMaterialDesignSpinner.h */ = {isa = PBXFileReference; fileEncoding = 4; lastKnownFileType = sourcecode.c.h; path = MMMaterialDesignSpinner.h; sourceTree = "<group>"; };
		4634807E1F1C50BD00C5FDC4 /* MMMaterialDesignSpinner.m */ = {isa = PBXFileReference; fileEncoding = 4; lastKnownFileType = sourcecode.c.objc; path = MMMaterialDesignSpinner.m; sourceTree = "<group>"; };
		4634807F1F1C50BD00C5FDC4 /* ZFBrightnessView.h */ = {isa = PBXFileReference; fileEncoding = 4; lastKnownFileType = sourcecode.c.h; path = ZFBrightnessView.h; sourceTree = "<group>"; };
		463480801F1C50BD00C5FDC4 /* ZFBrightnessView.m */ = {isa = PBXFileReference; fileEncoding = 4; lastKnownFileType = sourcecode.c.objc; path = ZFBrightnessView.m; sourceTree = "<group>"; };
		463480811F1C50BD00C5FDC4 /* ZFPlayer.bundle */ = {isa = PBXFileReference; lastKnownFileType = "wrapper.plug-in"; path = ZFPlayer.bundle; sourceTree = "<group>"; };
		463480821F1C50BD00C5FDC4 /* ZFPlayer.h */ = {isa = PBXFileReference; fileEncoding = 4; lastKnownFileType = sourcecode.c.h; path = ZFPlayer.h; sourceTree = "<group>"; };
		463480831F1C50BD00C5FDC4 /* ZFPlayerControlView.h */ = {isa = PBXFileReference; fileEncoding = 4; lastKnownFileType = sourcecode.c.h; path = ZFPlayerControlView.h; sourceTree = "<group>"; };
		463480841F1C50BD00C5FDC4 /* ZFPlayerControlView.m */ = {isa = PBXFileReference; fileEncoding = 4; lastKnownFileType = sourcecode.c.objc; path = ZFPlayerControlView.m; sourceTree = "<group>"; };
		463480851F1C50BD00C5FDC4 /* ZFPlayerControlViewDelegate.h */ = {isa = PBXFileReference; fileEncoding = 4; lastKnownFileType = sourcecode.c.h; path = ZFPlayerControlViewDelegate.h; sourceTree = "<group>"; };
		463480861F1C50BD00C5FDC4 /* ZFPlayerModel.h */ = {isa = PBXFileReference; fileEncoding = 4; lastKnownFileType = sourcecode.c.h; path = ZFPlayerModel.h; sourceTree = "<group>"; };
		463480871F1C50BD00C5FDC4 /* ZFPlayerModel.m */ = {isa = PBXFileReference; fileEncoding = 4; lastKnownFileType = sourcecode.c.objc; path = ZFPlayerModel.m; sourceTree = "<group>"; };
		463480881F1C50BD00C5FDC4 /* ZFPlayerView.h */ = {isa = PBXFileReference; fileEncoding = 4; lastKnownFileType = sourcecode.c.h; path = ZFPlayerView.h; sourceTree = "<group>"; };
		463480891F1C50BD00C5FDC4 /* ZFPlayerView.m */ = {isa = PBXFileReference; fileEncoding = 4; lastKnownFileType = sourcecode.c.objc; path = ZFPlayerView.m; sourceTree = "<group>"; };
		4634809A1F1C594900C5FDC4 /* MBProgressHUD+Category.h */ = {isa = PBXFileReference; fileEncoding = 4; lastKnownFileType = sourcecode.c.h; path = "MBProgressHUD+Category.h"; sourceTree = "<group>"; };
		4634809B1F1C594900C5FDC4 /* MBProgressHUD+Category.m */ = {isa = PBXFileReference; fileEncoding = 4; lastKnownFileType = sourcecode.c.objc; path = "MBProgressHUD+Category.m"; sourceTree = "<group>"; };
		4634809C1F1C594900C5FDC4 /* MBProgressHUD.bundle */ = {isa = PBXFileReference; lastKnownFileType = "wrapper.plug-in"; path = MBProgressHUD.bundle; sourceTree = "<group>"; };
		4634809D1F1C594900C5FDC4 /* MBProgressHUD.h */ = {isa = PBXFileReference; fileEncoding = 4; lastKnownFileType = sourcecode.c.h; path = MBProgressHUD.h; sourceTree = "<group>"; };
		4634809E1F1C594900C5FDC4 /* MBProgressHUD.m */ = {isa = PBXFileReference; fileEncoding = 4; lastKnownFileType = sourcecode.c.objc; path = MBProgressHUD.m; sourceTree = "<group>"; };
		463480A21F1C5DD900C5FDC4 /* RotatingView.h */ = {isa = PBXFileReference; fileEncoding = 4; lastKnownFileType = sourcecode.c.h; path = RotatingView.h; sourceTree = "<group>"; };
		463480A31F1C5DD900C5FDC4 /* RotatingView.m */ = {isa = PBXFileReference; fileEncoding = 4; lastKnownFileType = sourcecode.c.objc; path = RotatingView.m; sourceTree = "<group>"; };
		463ADD201EF110790062422D /* HXYAlertViewController.h */ = {isa = PBXFileReference; fileEncoding = 4; lastKnownFileType = sourcecode.c.h; path = HXYAlertViewController.h; sourceTree = "<group>"; };
		463ADD211EF110790062422D /* HXYAlertViewController.m */ = {isa = PBXFileReference; fileEncoding = 4; lastKnownFileType = sourcecode.c.objc; path = HXYAlertViewController.m; sourceTree = "<group>"; };
		46629DD71F00BA9500E3B1B9 /* HXYButton.h */ = {isa = PBXFileReference; fileEncoding = 4; lastKnownFileType = sourcecode.c.h; path = HXYButton.h; sourceTree = "<group>"; };
		46629DD81F00BA9500E3B1B9 /* HXYButton.m */ = {isa = PBXFileReference; fileEncoding = 4; lastKnownFileType = sourcecode.c.objc; path = HXYButton.m; sourceTree = "<group>"; };
		466EE14E1F0B94A100E9D018 /* HXYAuthenticationView.h */ = {isa = PBXFileReference; fileEncoding = 4; lastKnownFileType = sourcecode.c.h; path = HXYAuthenticationView.h; sourceTree = "<group>"; };
		466EE14F1F0B94A100E9D018 /* HXYAuthenticationView.m */ = {isa = PBXFileReference; fileEncoding = 4; lastKnownFileType = sourcecode.c.objc; path = HXYAuthenticationView.m; sourceTree = "<group>"; };
		466EE1501F0B94A100E9D018 /* HXYBindPhoneView.h */ = {isa = PBXFileReference; fileEncoding = 4; lastKnownFileType = sourcecode.c.h; path = HXYBindPhoneView.h; sourceTree = "<group>"; };
		466EE1511F0B94A100E9D018 /* HXYBindPhoneView.m */ = {isa = PBXFileReference; fileEncoding = 4; lastKnownFileType = sourcecode.c.objc; path = HXYBindPhoneView.m; sourceTree = "<group>"; };
		466EE1541F0B94A100E9D018 /* UIImageView+CornerRadius.h */ = {isa = PBXFileReference; fileEncoding = 4; lastKnownFileType = sourcecode.c.h; path = "UIImageView+CornerRadius.h"; sourceTree = "<group>"; };
		466EE1551F0B94A100E9D018 /* UIImageView+CornerRadius.m */ = {isa = PBXFileReference; fileEncoding = 4; lastKnownFileType = sourcecode.c.objc; path = "UIImageView+CornerRadius.m"; sourceTree = "<group>"; };
		466EE1561F0B94A100E9D018 /* HXYKVOArrayModel.h */ = {isa = PBXFileReference; fileEncoding = 4; lastKnownFileType = sourcecode.c.h; path = HXYKVOArrayModel.h; sourceTree = "<group>"; };
		466EE1571F0B94A100E9D018 /* HXYKVOArrayModel.m */ = {isa = PBXFileReference; fileEncoding = 4; lastKnownFileType = sourcecode.c.objc; path = HXYKVOArrayModel.m; sourceTree = "<group>"; };
		466EE1581F0B94A100E9D018 /* HXYLocationManager.h */ = {isa = PBXFileReference; fileEncoding = 4; lastKnownFileType = sourcecode.c.h; path = HXYLocationManager.h; sourceTree = "<group>"; };
		466EE1591F0B94A100E9D018 /* HXYLocationManager.m */ = {isa = PBXFileReference; fileEncoding = 4; lastKnownFileType = sourcecode.c.objc; path = HXYLocationManager.m; sourceTree = "<group>"; };
		466EE15A1F0B94A100E9D018 /* HXYTools.h */ = {isa = PBXFileReference; fileEncoding = 4; lastKnownFileType = sourcecode.c.h; path = HXYTools.h; sourceTree = "<group>"; };
		466EE1611F0B94A100E9D018 /* NSDate+HXYCategory.h */ = {isa = PBXFileReference; fileEncoding = 4; lastKnownFileType = sourcecode.c.h; path = "NSDate+HXYCategory.h"; sourceTree = "<group>"; };
		466EE1621F0B94A100E9D018 /* NSDate+HXYCategory.m */ = {isa = PBXFileReference; fileEncoding = 4; lastKnownFileType = sourcecode.c.objc; path = "NSDate+HXYCategory.m"; sourceTree = "<group>"; };
		466EE1631F0B94A100E9D018 /* NSString+HXYCategory.h */ = {isa = PBXFileReference; fileEncoding = 4; lastKnownFileType = sourcecode.c.h; path = "NSString+HXYCategory.h"; sourceTree = "<group>"; };
		466EE1641F0B94A100E9D018 /* NSString+HXYCategory.m */ = {isa = PBXFileReference; fileEncoding = 4; lastKnownFileType = sourcecode.c.objc; path = "NSString+HXYCategory.m"; sourceTree = "<group>"; };
		466EE1651F0B94A100E9D018 /* UIButton+HXYCategory.h */ = {isa = PBXFileReference; fileEncoding = 4; lastKnownFileType = sourcecode.c.h; path = "UIButton+HXYCategory.h"; sourceTree = "<group>"; };
		466EE1661F0B94A100E9D018 /* UIButton+HXYCategory.m */ = {isa = PBXFileReference; fileEncoding = 4; lastKnownFileType = sourcecode.c.objc; path = "UIButton+HXYCategory.m"; sourceTree = "<group>"; };
		466EE1671F0B94A100E9D018 /* UIColor+HXYCategory.h */ = {isa = PBXFileReference; fileEncoding = 4; lastKnownFileType = sourcecode.c.h; path = "UIColor+HXYCategory.h"; sourceTree = "<group>"; };
		466EE1681F0B94A100E9D018 /* UIColor+HXYCategory.m */ = {isa = PBXFileReference; fileEncoding = 4; lastKnownFileType = sourcecode.c.objc; path = "UIColor+HXYCategory.m"; sourceTree = "<group>"; };
		466EE1691F0B94A100E9D018 /* UIImage+HXYCategory.h */ = {isa = PBXFileReference; fileEncoding = 4; lastKnownFileType = sourcecode.c.h; path = "UIImage+HXYCategory.h"; sourceTree = "<group>"; };
		466EE16A1F0B94A100E9D018 /* UIImage+HXYCategory.m */ = {isa = PBXFileReference; fileEncoding = 4; lastKnownFileType = sourcecode.c.objc; path = "UIImage+HXYCategory.m"; sourceTree = "<group>"; };
		466EE16B1F0B94A100E9D018 /* UIImageView+HXYCategory.h */ = {isa = PBXFileReference; fileEncoding = 4; lastKnownFileType = sourcecode.c.h; path = "UIImageView+HXYCategory.h"; sourceTree = "<group>"; };
		466EE16C1F0B94A100E9D018 /* UIImageView+HXYCategory.m */ = {isa = PBXFileReference; fileEncoding = 4; lastKnownFileType = sourcecode.c.objc; path = "UIImageView+HXYCategory.m"; sourceTree = "<group>"; };
		466EE16D1F0B94A100E9D018 /* UILabel+HXYCategory.h */ = {isa = PBXFileReference; fileEncoding = 4; lastKnownFileType = sourcecode.c.h; path = "UILabel+HXYCategory.h"; sourceTree = "<group>"; };
		466EE16E1F0B94A100E9D018 /* UILabel+HXYCategory.m */ = {isa = PBXFileReference; fileEncoding = 4; lastKnownFileType = sourcecode.c.objc; path = "UILabel+HXYCategory.m"; sourceTree = "<group>"; };
		466EE16F1F0B94A100E9D018 /* UINavigationBar+Awesome.h */ = {isa = PBXFileReference; fileEncoding = 4; lastKnownFileType = sourcecode.c.h; path = "UINavigationBar+Awesome.h"; sourceTree = "<group>"; };
		466EE1701F0B94A100E9D018 /* UINavigationBar+Awesome.m */ = {isa = PBXFileReference; fileEncoding = 4; lastKnownFileType = sourcecode.c.objc; path = "UINavigationBar+Awesome.m"; sourceTree = "<group>"; };
		466EE1711F0B94A100E9D018 /* UITableViewCell+HXYCategory.h */ = {isa = PBXFileReference; fileEncoding = 4; lastKnownFileType = sourcecode.c.h; path = "UITableViewCell+HXYCategory.h"; sourceTree = "<group>"; };
		466EE1721F0B94A100E9D018 /* UITableViewCell+HXYCategory.m */ = {isa = PBXFileReference; fileEncoding = 4; lastKnownFileType = sourcecode.c.objc; path = "UITableViewCell+HXYCategory.m"; sourceTree = "<group>"; };
		466EE1731F0B94A100E9D018 /* UIView+HXYCategory.h */ = {isa = PBXFileReference; fileEncoding = 4; lastKnownFileType = sourcecode.c.h; path = "UIView+HXYCategory.h"; sourceTree = "<group>"; };
		466EE1741F0B94A100E9D018 /* UIView+HXYCategory.m */ = {isa = PBXFileReference; fileEncoding = 4; lastKnownFileType = sourcecode.c.objc; path = "UIView+HXYCategory.m"; sourceTree = "<group>"; };
		466EE1751F0B94A100E9D018 /* UIViewController+HXYCategory.h */ = {isa = PBXFileReference; fileEncoding = 4; lastKnownFileType = sourcecode.c.h; path = "UIViewController+HXYCategory.h"; sourceTree = "<group>"; };
		466EE1761F0B94A100E9D018 /* UIViewController+HXYCategory.m */ = {isa = PBXFileReference; fileEncoding = 4; lastKnownFileType = sourcecode.c.objc; path = "UIViewController+HXYCategory.m"; sourceTree = "<group>"; };
		4677CC7B1EEA53C9007B9B53 /* dogebread.png */ = {isa = PBXFileReference; lastKnownFileType = image.png; path = dogebread.png; sourceTree = "<group>"; };
		4677CC7D1EEA53FA007B9B53 /* doge@2x.png */ = {isa = PBXFileReference; lastKnownFileType = image.png; path = "doge@2x.png"; sourceTree = "<group>"; };
		467AD3691EF2160A00484253 /* SocketManager.h */ = {isa = PBXFileReference; fileEncoding = 4; lastKnownFileType = sourcecode.c.h; path = SocketManager.h; sourceTree = "<group>"; };
		467AD36A1EF2160A00484253 /* SocketManager.m */ = {isa = PBXFileReference; fileEncoding = 4; lastKnownFileType = sourcecode.c.objc; path = SocketManager.m; sourceTree = "<group>"; };
		467FB8D61EE7AA360057998A /* HXYMyViewController.h */ = {isa = PBXFileReference; fileEncoding = 4; lastKnownFileType = sourcecode.c.h; path = HXYMyViewController.h; sourceTree = "<group>"; };
		467FB8D71EE7AA360057998A /* HXYMyViewController.m */ = {isa = PBXFileReference; fileEncoding = 4; lastKnownFileType = sourcecode.c.objc; path = HXYMyViewController.m; sourceTree = "<group>"; };
		467FB8DA1EE8F0170057998A /* AlterableHeightCellViewController.h */ = {isa = PBXFileReference; fileEncoding = 4; lastKnownFileType = sourcecode.c.h; path = AlterableHeightCellViewController.h; sourceTree = "<group>"; };
		467FB8DB1EE8F0170057998A /* AlterableHeightCellViewController.m */ = {isa = PBXFileReference; fileEncoding = 4; lastKnownFileType = sourcecode.c.objc; path = AlterableHeightCellViewController.m; sourceTree = "<group>"; };
		467FB8DD1EE8F0230057998A /* AlterableHeightCellTableViewCell.h */ = {isa = PBXFileReference; fileEncoding = 4; lastKnownFileType = sourcecode.c.h; path = AlterableHeightCellTableViewCell.h; sourceTree = "<group>"; };
		467FB8DE1EE8F0230057998A /* AlterableHeightCellTableViewCell.m */ = {isa = PBXFileReference; fileEncoding = 4; lastKnownFileType = sourcecode.c.objc; path = AlterableHeightCellTableViewCell.m; sourceTree = "<group>"; };
		467FB8ED1EE94A5C0057998A /* AdViewController.h */ = {isa = PBXFileReference; fileEncoding = 4; lastKnownFileType = sourcecode.c.h; path = AdViewController.h; sourceTree = "<group>"; };
		467FB8EE1EE94A5C0057998A /* AdViewController.m */ = {isa = PBXFileReference; fileEncoding = 4; lastKnownFileType = sourcecode.c.objc; path = AdViewController.m; sourceTree = "<group>"; };
		467FB8F11EE950490057998A /* DynamicLabelViewController.h */ = {isa = PBXFileReference; fileEncoding = 4; lastKnownFileType = sourcecode.c.h; path = DynamicLabelViewController.h; sourceTree = "<group>"; };
		467FB8F21EE950490057998A /* DynamicLabelViewController.m */ = {isa = PBXFileReference; fileEncoding = 4; lastKnownFileType = sourcecode.c.objc; path = DynamicLabelViewController.m; sourceTree = "<group>"; };
		46BBC9B31EE10FE900818DD9 /* HXYCustomButton.h */ = {isa = PBXFileReference; fileEncoding = 4; lastKnownFileType = sourcecode.c.h; path = HXYCustomButton.h; sourceTree = "<group>"; };
		46BBC9B41EE10FE900818DD9 /* HXYCustomButton.m */ = {isa = PBXFileReference; fileEncoding = 4; lastKnownFileType = sourcecode.c.objc; path = HXYCustomButton.m; sourceTree = "<group>"; };
		46BBC9B51EE10FE900818DD9 /* HXYEstimateStarView.h */ = {isa = PBXFileReference; fileEncoding = 4; lastKnownFileType = sourcecode.c.h; path = HXYEstimateStarView.h; sourceTree = "<group>"; };
		46BBC9B61EE10FE900818DD9 /* HXYEstimateStarView.m */ = {isa = PBXFileReference; fileEncoding = 4; lastKnownFileType = sourcecode.c.objc; path = HXYEstimateStarView.m; sourceTree = "<group>"; };
		46BBC9D01EE10FE900818DD9 /* HXYTextView.h */ = {isa = PBXFileReference; fileEncoding = 4; lastKnownFileType = sourcecode.c.h; path = HXYTextView.h; sourceTree = "<group>"; };
		46BBC9D11EE10FE900818DD9 /* HXYTextView.m */ = {isa = PBXFileReference; fileEncoding = 4; lastKnownFileType = sourcecode.c.objc; path = HXYTextView.m; sourceTree = "<group>"; };
		46BBC9F51EE6452A00818DD9 /* HXYHorizontalTextButton.h */ = {isa = PBXFileReference; fileEncoding = 4; lastKnownFileType = sourcecode.c.h; path = HXYHorizontalTextButton.h; sourceTree = "<group>"; };
		46BBC9F61EE6452A00818DD9 /* HXYHorizontalTextButton.m */ = {isa = PBXFileReference; fileEncoding = 4; lastKnownFileType = sourcecode.c.objc; path = HXYHorizontalTextButton.m; sourceTree = "<group>"; };
		46BBC9F91EE676ED00818DD9 /* estimateSelected.png */ = {isa = PBXFileReference; lastKnownFileType = image.png; path = estimateSelected.png; sourceTree = "<group>"; };
		46BBC9FA1EE676ED00818DD9 /* estimateSelected@2x.png */ = {isa = PBXFileReference; lastKnownFileType = image.png; path = "estimateSelected@2x.png"; sourceTree = "<group>"; };
		46BBC9FB1EE676ED00818DD9 /* estimateUnSelected.png */ = {isa = PBXFileReference; lastKnownFileType = image.png; path = estimateUnSelected.png; sourceTree = "<group>"; };
		46BBC9FC1EE676ED00818DD9 /* estimateUnSelected@2x.png */ = {isa = PBXFileReference; lastKnownFileType = image.png; path = "estimateUnSelected@2x.png"; sourceTree = "<group>"; };
		46BBCA021EE6772000818DD9 /* my_info_curve.png */ = {isa = PBXFileReference; lastKnownFileType = image.png; path = my_info_curve.png; sourceTree = "<group>"; };
		46BBCA071EE6779500818DD9 /* me-buy.png */ = {isa = PBXFileReference; lastKnownFileType = image.png; path = "me-buy.png"; sourceTree = "<group>"; };
		46BBCA081EE6779500818DD9 /* me-like.png */ = {isa = PBXFileReference; lastKnownFileType = image.png; path = "me-like.png"; sourceTree = "<group>"; };
		46BBCA091EE6779500818DD9 /* me-public.png */ = {isa = PBXFileReference; lastKnownFileType = image.png; path = "me-public.png"; sourceTree = "<group>"; };
		46BBCA0A1EE6779500818DD9 /* me-recive.png */ = {isa = PBXFileReference; lastKnownFileType = image.png; path = "me-recive.png"; sourceTree = "<group>"; };
		46BBCA0B1EE6779500818DD9 /* me-sale.png */ = {isa = PBXFileReference; lastKnownFileType = image.png; path = "me-sale.png"; sourceTree = "<group>"; };
		46BBCA0C1EE6779500818DD9 /* me-ticket.png */ = {isa = PBXFileReference; lastKnownFileType = image.png; path = "me-ticket.png"; sourceTree = "<group>"; };
		46BBCA0D1EE6779500818DD9 /* 优惠券icon.png */ = {isa = PBXFileReference; lastKnownFileType = image.png; path = "优惠券icon.png"; sourceTree = "<group>"; };
		46BBCA0E1EE6779500818DD9 /* 现金_icon.png */ = {isa = PBXFileReference; lastKnownFileType = image.png; path = "现金_icon.png"; sourceTree = "<group>"; };
		46BBCA0F1EE6779500818DD9 /* 礼物.png */ = {isa = PBXFileReference; lastKnownFileType = image.png; path = "礼物.png"; sourceTree = "<group>"; };
		46BBCA101EE6779500818DD9 /* 许愿星_icon.png */ = {isa = PBXFileReference; lastKnownFileType = image.png; path = "许愿星_icon.png"; sourceTree = "<group>"; };
		46BBCA1B1EE6876E00818DD9 /* my_info_middleCurve.png */ = {isa = PBXFileReference; lastKnownFileType = image.png; path = my_info_middleCurve.png; sourceTree = "<group>"; };
		46BBCA1D1EE6941900818DD9 /* Macro.h */ = {isa = PBXFileReference; lastKnownFileType = sourcecode.c.h; path = Macro.h; sourceTree = "<group>"; };
		46E90F2C1EF3A34C0086BD7C /* libz.tbd */ = {isa = PBXFileReference; lastKnownFileType = "sourcecode.text-based-dylib-definition"; name = libz.tbd; path = usr/lib/libz.tbd; sourceTree = SDKROOT; };
		46E90F2E1EF3A3530086BD7C /* libbz2.tbd */ = {isa = PBXFileReference; lastKnownFileType = "sourcecode.text-based-dylib-definition"; name = libbz2.tbd; path = usr/lib/libbz2.tbd; sourceTree = SDKROOT; };
		46E90F301EF3A3580086BD7C /* AudioToolbox.framework */ = {isa = PBXFileReference; lastKnownFileType = wrapper.framework; name = AudioToolbox.framework; path = System/Library/Frameworks/AudioToolbox.framework; sourceTree = SDKROOT; };
		46E90F321EF3A35D0086BD7C /* AVFoundation.framework */ = {isa = PBXFileReference; lastKnownFileType = wrapper.framework; name = AVFoundation.framework; path = System/Library/Frameworks/AVFoundation.framework; sourceTree = SDKROOT; };
		46E90F341EF3A3620086BD7C /* CoreGraphics.framework */ = {isa = PBXFileReference; lastKnownFileType = wrapper.framework; name = CoreGraphics.framework; path = System/Library/Frameworks/CoreGraphics.framework; sourceTree = SDKROOT; };
		46E90F361EF3A36C0086BD7C /* CoreMedia.framework */ = {isa = PBXFileReference; lastKnownFileType = wrapper.framework; name = CoreMedia.framework; path = System/Library/Frameworks/CoreMedia.framework; sourceTree = SDKROOT; };
		46E90F381EF3A3740086BD7C /* CoreVideo.framework */ = {isa = PBXFileReference; lastKnownFileType = wrapper.framework; name = CoreVideo.framework; path = System/Library/Frameworks/CoreVideo.framework; sourceTree = SDKROOT; };
		46E90F3A1EF3A3790086BD7C /* MediaPlayer.framework */ = {isa = PBXFileReference; lastKnownFileType = wrapper.framework; name = MediaPlayer.framework; path = System/Library/Frameworks/MediaPlayer.framework; sourceTree = SDKROOT; };
		46E90F3C1EF3A3860086BD7C /* MobileCoreServices.framework */ = {isa = PBXFileReference; lastKnownFileType = wrapper.framework; name = MobileCoreServices.framework; path = System/Library/Frameworks/MobileCoreServices.framework; sourceTree = SDKROOT; };
		46E90F3E1EF3A38C0086BD7C /* OpenGLES.framework */ = {isa = PBXFileReference; lastKnownFileType = wrapper.framework; name = OpenGLES.framework; path = System/Library/Frameworks/OpenGLES.framework; sourceTree = SDKROOT; };
		46E90F401EF3A3910086BD7C /* QuartzCore.framework */ = {isa = PBXFileReference; lastKnownFileType = wrapper.framework; name = QuartzCore.framework; path = System/Library/Frameworks/QuartzCore.framework; sourceTree = SDKROOT; };
		46E90F421EF3A3960086BD7C /* UIKit.framework */ = {isa = PBXFileReference; lastKnownFileType = wrapper.framework; name = UIKit.framework; path = System/Library/Frameworks/UIKit.framework; sourceTree = SDKROOT; };
		46E90F441EF3A39C0086BD7C /* VideoToolbox.framework */ = {isa = PBXFileReference; lastKnownFileType = wrapper.framework; name = VideoToolbox.framework; path = System/Library/Frameworks/VideoToolbox.framework; sourceTree = SDKROOT; };
		6156D5A9A04864CA16C79CC9 /* Pods_textAll.framework */ = {isa = PBXFileReference; explicitFileType = wrapper.framework; includeInIndex = 0; path = Pods_textAll.framework; sourceTree = BUILT_PRODUCTS_DIR; };
		DC1F66561EE03BA100B2DA20 /* HxyTestCellViewController.h */ = {isa = PBXFileReference; fileEncoding = 4; lastKnownFileType = sourcecode.c.h; path = HxyTestCellViewController.h; sourceTree = "<group>"; };
		DC1F66571EE03BA100B2DA20 /* HxyTestCellViewController.m */ = {isa = PBXFileReference; fileEncoding = 4; lastKnownFileType = sourcecode.c.objc; path = HxyTestCellViewController.m; sourceTree = "<group>"; };
		DC1F66591EE03BEB00B2DA20 /* HXYMyInfoView.h */ = {isa = PBXFileReference; fileEncoding = 4; lastKnownFileType = sourcecode.c.h; path = HXYMyInfoView.h; sourceTree = "<group>"; };
		DC1F665A1EE03BEB00B2DA20 /* HXYMyInfoView.m */ = {isa = PBXFileReference; fileEncoding = 4; lastKnownFileType = sourcecode.c.objc; path = HXYMyInfoView.m; sourceTree = "<group>"; };
		DC1F665F1EE0408C00B2DA20 /* drawCurve.h */ = {isa = PBXFileReference; fileEncoding = 4; lastKnownFileType = sourcecode.c.h; path = drawCurve.h; sourceTree = "<group>"; };
		DC1F66601EE0408C00B2DA20 /* drawCurve.m */ = {isa = PBXFileReference; fileEncoding = 4; lastKnownFileType = sourcecode.c.objc; path = drawCurve.m; sourceTree = "<group>"; };
		DC33C8C41EE57CCD000858A0 /* BezierPathLearning.h */ = {isa = PBXFileReference; fileEncoding = 4; lastKnownFileType = sourcecode.c.h; path = BezierPathLearning.h; sourceTree = "<group>"; };
		DC33C8C51EE57CCD000858A0 /* BezierPathLearning.m */ = {isa = PBXFileReference; fileEncoding = 4; lastKnownFileType = sourcecode.c.objc; path = BezierPathLearning.m; sourceTree = "<group>"; };
		DC33C8F71EFAA6A9000858A0 /* Case1ViewController.h */ = {isa = PBXFileReference; fileEncoding = 4; lastKnownFileType = sourcecode.c.h; path = Case1ViewController.h; sourceTree = "<group>"; };
		DC33C8F81EFAA6A9000858A0 /* Case1ViewController.m */ = {isa = PBXFileReference; fileEncoding = 4; lastKnownFileType = sourcecode.c.objc; path = Case1ViewController.m; sourceTree = "<group>"; };
		DC33C8FC1EFAB46E000858A0 /* InterestingAutolayout.storyboard */ = {isa = PBXFileReference; fileEncoding = 4; lastKnownFileType = file.storyboard; name = InterestingAutolayout.storyboard; path = "textAll/masonry布局系列/有趣的Autolayout2/InterestingAutolayout.storyboard"; sourceTree = SOURCE_ROOT; };
		DC33C8FE1EFAB808000858A0 /* AutoLayout2ViewController.h */ = {isa = PBXFileReference; fileEncoding = 4; lastKnownFileType = sourcecode.c.h; path = AutoLayout2ViewController.h; sourceTree = "<group>"; };
		DC33C8FF1EFAB808000858A0 /* AutoLayout2ViewController.m */ = {isa = PBXFileReference; fileEncoding = 4; lastKnownFileType = sourcecode.c.objc; path = AutoLayout2ViewController.m; sourceTree = "<group>"; };
		DC33C9011EFBF975000858A0 /* Case2ViewController.h */ = {isa = PBXFileReference; fileEncoding = 4; lastKnownFileType = sourcecode.c.h; path = Case2ViewController.h; sourceTree = "<group>"; };
		DC33C9021EFBF975000858A0 /* Case2ViewController.m */ = {isa = PBXFileReference; fileEncoding = 4; lastKnownFileType = sourcecode.c.objc; path = Case2ViewController.m; sourceTree = "<group>"; };
		DC33C9041EFC05A0000858A0 /* PercentWIdthViewController.h */ = {isa = PBXFileReference; fileEncoding = 4; lastKnownFileType = sourcecode.c.h; path = PercentWIdthViewController.h; sourceTree = "<group>"; };
		DC33C9051EFC05A0000858A0 /* PercentWIdthViewController.m */ = {isa = PBXFileReference; fileEncoding = 4; lastKnownFileType = sourcecode.c.objc; path = PercentWIdthViewController.m; sourceTree = "<group>"; };
		DC46ED6D1EFF84E3005A1302 /* selfAdjustCellViewController.h */ = {isa = PBXFileReference; fileEncoding = 4; lastKnownFileType = sourcecode.c.h; path = selfAdjustCellViewController.h; sourceTree = "<group>"; };
		DC46ED6E1EFF84E3005A1302 /* selfAdjustCellViewController.m */ = {isa = PBXFileReference; fileEncoding = 4; lastKnownFileType = sourcecode.c.objc; path = selfAdjustCellViewController.m; sourceTree = "<group>"; };
		DC46ED701EFF8531005A1302 /* SelfAdjustTableViewCell.h */ = {isa = PBXFileReference; fileEncoding = 4; lastKnownFileType = sourcecode.c.h; path = SelfAdjustTableViewCell.h; sourceTree = "<group>"; };
		DC46ED711EFF8531005A1302 /* SelfAdjustTableViewCell.m */ = {isa = PBXFileReference; fileEncoding = 4; lastKnownFileType = sourcecode.c.objc; path = SelfAdjustTableViewCell.m; sourceTree = "<group>"; };
		DC46ED731EFF8722005A1302 /* Model.h */ = {isa = PBXFileReference; fileEncoding = 4; lastKnownFileType = sourcecode.c.h; path = Model.h; sourceTree = "<group>"; };
		DC46ED741EFF8722005A1302 /* Model.m */ = {isa = PBXFileReference; fileEncoding = 4; lastKnownFileType = sourcecode.c.objc; path = Model.m; sourceTree = "<group>"; };
		DC46ED761EFF8829005A1302 /* Common.h */ = {isa = PBXFileReference; fileEncoding = 4; lastKnownFileType = sourcecode.c.h; path = Common.h; sourceTree = "<group>"; };
		DC46ED771EFF8829005A1302 /* Common.m */ = {isa = PBXFileReference; fileEncoding = 4; lastKnownFileType = sourcecode.c.objc; path = Common.m; sourceTree = "<group>"; };
		DC46ED791F012852005A1302 /* case5ViewController.h */ = {isa = PBXFileReference; fileEncoding = 4; lastKnownFileType = sourcecode.c.h; path = case5ViewController.h; sourceTree = "<group>"; };
		DC46ED7A1F012852005A1302 /* case5ViewController.m */ = {isa = PBXFileReference; fileEncoding = 4; lastKnownFileType = sourcecode.c.objc; path = case5ViewController.m; sourceTree = "<group>"; };
		DC46ED7F1F028A6A005A1302 /* Case7TableViewController.h */ = {isa = PBXFileReference; fileEncoding = 4; lastKnownFileType = sourcecode.c.h; path = Case7TableViewController.h; sourceTree = "<group>"; };
		DC46ED801F028A6A005A1302 /* Case7TableViewController.m */ = {isa = PBXFileReference; fileEncoding = 4; lastKnownFileType = sourcecode.c.objc; path = Case7TableViewController.m; sourceTree = "<group>"; };
		DCFDE6481ED9CACB0006DCFE /* textAll.app */ = {isa = PBXFileReference; explicitFileType = wrapper.application; includeInIndex = 0; path = textAll.app; sourceTree = BUILT_PRODUCTS_DIR; };
		DCFDE64C1ED9CACB0006DCFE /* main.m */ = {isa = PBXFileReference; lastKnownFileType = sourcecode.c.objc; path = main.m; sourceTree = "<group>"; };
		DCFDE64E1ED9CACB0006DCFE /* AppDelegate.h */ = {isa = PBXFileReference; lastKnownFileType = sourcecode.c.h; path = AppDelegate.h; sourceTree = "<group>"; };
		DCFDE64F1ED9CACB0006DCFE /* AppDelegate.m */ = {isa = PBXFileReference; lastKnownFileType = sourcecode.c.objc; path = AppDelegate.m; sourceTree = "<group>"; };
		DCFDE6511ED9CACB0006DCFE /* ViewController.h */ = {isa = PBXFileReference; lastKnownFileType = sourcecode.c.h; path = ViewController.h; sourceTree = "<group>"; };
		DCFDE6521ED9CACB0006DCFE /* ViewController.m */ = {isa = PBXFileReference; lastKnownFileType = sourcecode.c.objc; path = ViewController.m; sourceTree = "<group>"; };
		DCFDE6551ED9CACB0006DCFE /* Base */ = {isa = PBXFileReference; lastKnownFileType = file.storyboard; name = Base; path = Base.lproj/Main.storyboard; sourceTree = "<group>"; };
		DCFDE6571ED9CACB0006DCFE /* Assets.xcassets */ = {isa = PBXFileReference; lastKnownFileType = folder.assetcatalog; path = Assets.xcassets; sourceTree = "<group>"; };
		DCFDE65A1ED9CACB0006DCFE /* Base */ = {isa = PBXFileReference; lastKnownFileType = file.storyboard; name = Base; path = Base.lproj/LaunchScreen.storyboard; sourceTree = "<group>"; };
		DCFDE65C1ED9CACB0006DCFE /* Info.plist */ = {isa = PBXFileReference; lastKnownFileType = text.plist.xml; path = Info.plist; sourceTree = "<group>"; };
		DCFDE6621ED9CF8D0006DCFE /* HXYMyTableViewCell.h */ = {isa = PBXFileReference; fileEncoding = 4; lastKnownFileType = sourcecode.c.h; path = HXYMyTableViewCell.h; sourceTree = "<group>"; };
		DCFDE6631ED9CF8D0006DCFE /* HXYMyTableViewCell.m */ = {isa = PBXFileReference; fileEncoding = 4; lastKnownFileType = sourcecode.c.objc; path = HXYMyTableViewCell.m; sourceTree = "<group>"; };
/* End PBXFileReference section */

/* Begin PBXFrameworksBuildPhase section */
		DCFDE6451ED9CACB0006DCFE /* Frameworks */ = {
			isa = PBXFrameworksBuildPhase;
			buildActionMask = 2147483647;
			files = (
				46E90F451EF3A39C0086BD7C /* VideoToolbox.framework in Frameworks */,
				46E90F431EF3A3960086BD7C /* UIKit.framework in Frameworks */,
				46E90F411EF3A3910086BD7C /* QuartzCore.framework in Frameworks */,
				46E90F3F1EF3A38C0086BD7C /* OpenGLES.framework in Frameworks */,
				46E90F3D1EF3A3860086BD7C /* MobileCoreServices.framework in Frameworks */,
				46E90F3B1EF3A3790086BD7C /* MediaPlayer.framework in Frameworks */,
				46E90F391EF3A3740086BD7C /* CoreVideo.framework in Frameworks */,
				46E90F371EF3A36C0086BD7C /* CoreMedia.framework in Frameworks */,
				46E90F351EF3A3620086BD7C /* CoreGraphics.framework in Frameworks */,
				46E90F331EF3A35D0086BD7C /* AVFoundation.framework in Frameworks */,
				46E90F311EF3A3580086BD7C /* AudioToolbox.framework in Frameworks */,
				46E90F2F1EF3A3530086BD7C /* libbz2.tbd in Frameworks */,
				46E90F2D1EF3A34C0086BD7C /* libz.tbd in Frameworks */,
				E7CD257FC33007B60161307B /* Pods_textAll.framework in Frameworks */,
			);
			runOnlyForDeploymentPostprocessing = 0;
		};
/* End PBXFrameworksBuildPhase section */

/* Begin PBXGroup section */
		462C4EAD1EEF81F70019E518 /* 测试优先级,压缩阻力,拉伸阻力 */ = {
			isa = PBXGroup;
			children = (
				462C4EAE1EEF820F0019E518 /* TestPriorityViewController.h */,
				462C4EAF1EEF820F0019E518 /* TestPriorityViewController.m */,
			);
			path = "测试优先级,压缩阻力,拉伸阻力";
			sourceTree = "<group>";
		};
		4634804A1F1C4B3300C5FDC4 /* 按钮 */ = {
			isa = PBXGroup;
			children = (
			);
			path = "按钮";
			sourceTree = "<group>";
		};
		4634804F1F1C4B5000C5FDC4 /* 滚动视图 */ = {
			isa = PBXGroup;
			children = (
				463480501F1C4B5000C5FDC4 /* MXCycleScrollView */,
			);
			path = "滚动视图";
			sourceTree = "<group>";
		};
		463480501F1C4B5000C5FDC4 /* MXCycleScrollView */ = {
			isa = PBXGroup;
			children = (
				463480511F1C4B5000C5FDC4 /* MXCycleScrollView.h */,
				463480521F1C4B5000C5FDC4 /* MXCycleScrollView.m */,
				463480531F1C4B5000C5FDC4 /* MXCycleScrollViewHeader.h */,
				463480541F1C4B5000C5FDC4 /* MXPageControlView.h */,
				463480551F1C4B5000C5FDC4 /* MXPageControlView.m */,
			);
			path = MXCycleScrollView;
			sourceTree = "<group>";
		};
		463480581F1C4B9B00C5FDC4 /* Cancel */ = {
			isa = PBXGroup;
			children = (
				463480591F1C4B9B00C5FDC4 /* HXYCancelOrderViewController.h */,
				4634805A1F1C4B9B00C5FDC4 /* HXYCancelOrderViewController.m */,
				4634805B1F1C4B9B00C5FDC4 /* View */,
			);
			path = Cancel;
			sourceTree = "<group>";
		};
		4634805B1F1C4B9B00C5FDC4 /* View */ = {
			isa = PBXGroup;
			children = (
				4634805C1F1C4B9B00C5FDC4 /* HXYCancelTableViewCell.h */,
				4634805D1F1C4B9B00C5FDC4 /* HXYCancelTableViewCell.m */,
			);
			path = View;
			sourceTree = "<group>";
		};
		463480641F1C4FD500C5FDC4 /* StarView */ = {
			isa = PBXGroup;
			children = (
				463480651F1C4FD500C5FDC4 /* HXYStarView.h */,
				463480661F1C4FD500C5FDC4 /* HXYStarView.m */,
			);
			path = StarView;
			sourceTree = "<group>";
		};
		463480681F1C50BD00C5FDC4 /* PlayMediaView */ = {
			isa = PBXGroup;
			children = (
				463480A21F1C5DD900C5FDC4 /* RotatingView.h */,
				463480A31F1C5DD900C5FDC4 /* RotatingView.m */,
				463480691F1C50BD00C5FDC4 /* HXYPlayMediumView.h */,
				4634806A1F1C50BD00C5FDC4 /* HXYPlayMediumView.m */,
				4634806B1F1C50BD00C5FDC4 /* ZFPlayer */,
			);
			path = PlayMediaView;
			sourceTree = "<group>";
		};
		4634806B1F1C50BD00C5FDC4 /* ZFPlayer */ = {
			isa = PBXGroup;
			children = (
				4634806C1F1C50BD00C5FDC4 /* ASValuePopUpView.h */,
				4634806D1F1C50BD00C5FDC4 /* ASValuePopUpView.m */,
				4634806E1F1C50BD00C5FDC4 /* ASValueTrackingSlider.h */,
				4634806F1F1C50BD00C5FDC4 /* ASValueTrackingSlider.m */,
				463480701F1C50BD00C5FDC4 /* Category */,
				4634807D1F1C50BD00C5FDC4 /* MMMaterialDesignSpinner.h */,
				4634807E1F1C50BD00C5FDC4 /* MMMaterialDesignSpinner.m */,
				4634807F1F1C50BD00C5FDC4 /* ZFBrightnessView.h */,
				463480801F1C50BD00C5FDC4 /* ZFBrightnessView.m */,
				463480811F1C50BD00C5FDC4 /* ZFPlayer.bundle */,
				463480821F1C50BD00C5FDC4 /* ZFPlayer.h */,
				463480831F1C50BD00C5FDC4 /* ZFPlayerControlView.h */,
				463480841F1C50BD00C5FDC4 /* ZFPlayerControlView.m */,
				463480851F1C50BD00C5FDC4 /* ZFPlayerControlViewDelegate.h */,
				463480861F1C50BD00C5FDC4 /* ZFPlayerModel.h */,
				463480871F1C50BD00C5FDC4 /* ZFPlayerModel.m */,
				463480881F1C50BD00C5FDC4 /* ZFPlayerView.h */,
				463480891F1C50BD00C5FDC4 /* ZFPlayerView.m */,
			);
			path = ZFPlayer;
			sourceTree = "<group>";
		};
		463480701F1C50BD00C5FDC4 /* Category */ = {
			isa = PBXGroup;
			children = (
				463480711F1C50BD00C5FDC4 /* UIAlertController+ZFPlayerRotation.h */,
				463480721F1C50BD00C5FDC4 /* UIAlertController+ZFPlayerRotation.m */,
				463480731F1C50BD00C5FDC4 /* UIImageView+ZFCache.h */,
				463480741F1C50BD00C5FDC4 /* UIImageView+ZFCache.m */,
				463480751F1C50BD00C5FDC4 /* UINavigationController+ZFPlayerRotation.h */,
				463480761F1C50BD00C5FDC4 /* UINavigationController+ZFPlayerRotation.m */,
				463480771F1C50BD00C5FDC4 /* UITabBarController+ZFPlayerRotation.h */,
				463480781F1C50BD00C5FDC4 /* UITabBarController+ZFPlayerRotation.m */,
				463480791F1C50BD00C5FDC4 /* UIView+CustomControlView.h */,
				4634807A1F1C50BD00C5FDC4 /* UIView+CustomControlView.m */,
				4634807B1F1C50BD00C5FDC4 /* UIViewController+ZFPlayerRotation.h */,
				4634807C1F1C50BD00C5FDC4 /* UIViewController+ZFPlayerRotation.m */,
			);
			path = Category;
			sourceTree = "<group>";
		};
		463480991F1C594900C5FDC4 /* MBProgressHUD */ = {
			isa = PBXGroup;
			children = (
				4634809A1F1C594900C5FDC4 /* MBProgressHUD+Category.h */,
				4634809B1F1C594900C5FDC4 /* MBProgressHUD+Category.m */,
				4634809C1F1C594900C5FDC4 /* MBProgressHUD.bundle */,
				4634809D1F1C594900C5FDC4 /* MBProgressHUD.h */,
				4634809E1F1C594900C5FDC4 /* MBProgressHUD.m */,
			);
			path = MBProgressHUD;
			sourceTree = "<group>";
		};
		463ADD1F1EF110540062422D /* 弹出框 */ = {
			isa = PBXGroup;
			children = (
				463ADD201EF110790062422D /* HXYAlertViewController.h */,
				463ADD211EF110790062422D /* HXYAlertViewController.m */,
			);
			path = "弹出框";
			sourceTree = "<group>";
		};
		466EE14A1F0B94A100E9D018 /* Alert */ = {
			isa = PBXGroup;
			children = (
				463480581F1C4B9B00C5FDC4 /* Cancel */,
				466EE14D1F0B94A100E9D018 /* View */,
			);
			path = Alert;
			sourceTree = "<group>";
		};
		466EE14D1F0B94A100E9D018 /* View */ = {
			isa = PBXGroup;
			children = (
				466EE14E1F0B94A100E9D018 /* HXYAuthenticationView.h */,
				466EE14F1F0B94A100E9D018 /* HXYAuthenticationView.m */,
				466EE1501F0B94A100E9D018 /* HXYBindPhoneView.h */,
				466EE1511F0B94A100E9D018 /* HXYBindPhoneView.m */,
			);
			path = View;
			sourceTree = "<group>";
		};
		466EE1521F0B94A100E9D018 /* Tools */ = {
			isa = PBXGroup;
			children = (
				466EE1531F0B94A100E9D018 /* CornerRadiusCategory */,
				466EE1561F0B94A100E9D018 /* HXYKVOArrayModel.h */,
				466EE1571F0B94A100E9D018 /* HXYKVOArrayModel.m */,
				466EE1581F0B94A100E9D018 /* HXYLocationManager.h */,
				466EE1591F0B94A100E9D018 /* HXYLocationManager.m */,
				466EE15A1F0B94A100E9D018 /* HXYTools.h */,
				466EE1611F0B94A100E9D018 /* NSDate+HXYCategory.h */,
				466EE1621F0B94A100E9D018 /* NSDate+HXYCategory.m */,
				466EE1631F0B94A100E9D018 /* NSString+HXYCategory.h */,
				466EE1641F0B94A100E9D018 /* NSString+HXYCategory.m */,
				466EE1651F0B94A100E9D018 /* UIButton+HXYCategory.h */,
				466EE1661F0B94A100E9D018 /* UIButton+HXYCategory.m */,
				466EE1671F0B94A100E9D018 /* UIColor+HXYCategory.h */,
				466EE1681F0B94A100E9D018 /* UIColor+HXYCategory.m */,
				466EE1691F0B94A100E9D018 /* UIImage+HXYCategory.h */,
				466EE16A1F0B94A100E9D018 /* UIImage+HXYCategory.m */,
				466EE16B1F0B94A100E9D018 /* UIImageView+HXYCategory.h */,
				466EE16C1F0B94A100E9D018 /* UIImageView+HXYCategory.m */,
				466EE16D1F0B94A100E9D018 /* UILabel+HXYCategory.h */,
				466EE16E1F0B94A100E9D018 /* UILabel+HXYCategory.m */,
				466EE16F1F0B94A100E9D018 /* UINavigationBar+Awesome.h */,
				466EE1701F0B94A100E9D018 /* UINavigationBar+Awesome.m */,
				466EE1711F0B94A100E9D018 /* UITableViewCell+HXYCategory.h */,
				466EE1721F0B94A100E9D018 /* UITableViewCell+HXYCategory.m */,
				466EE1731F0B94A100E9D018 /* UIView+HXYCategory.h */,
				466EE1741F0B94A100E9D018 /* UIView+HXYCategory.m */,
				466EE1751F0B94A100E9D018 /* UIViewController+HXYCategory.h */,
				466EE1761F0B94A100E9D018 /* UIViewController+HXYCategory.m */,
			);
			path = Tools;
			sourceTree = "<group>";
		};
		466EE1531F0B94A100E9D018 /* CornerRadiusCategory */ = {
			isa = PBXGroup;
			children = (
				466EE1541F0B94A100E9D018 /* UIImageView+CornerRadius.h */,
				466EE1551F0B94A100E9D018 /* UIImageView+CornerRadius.m */,
			);
			path = CornerRadiusCategory;
			sourceTree = "<group>";
		};
		467AD3671EF139B300484253 /* DXPopView */ = {
			isa = PBXGroup;
			children = (
			);
			path = DXPopView;
			sourceTree = "<group>";
		};
		467AD3681EF215F900484253 /* Socket */ = {
			isa = PBXGroup;
			children = (
				467AD3691EF2160A00484253 /* SocketManager.h */,
				467AD36A1EF2160A00484253 /* SocketManager.m */,
			);
			path = Socket;
			sourceTree = "<group>";
		};
		467FB8D91EE8EFC80057998A /* 用masonry写不定高cell */ = {
			isa = PBXGroup;
			children = (
				467FB8DA1EE8F0170057998A /* AlterableHeightCellViewController.h */,
				467FB8DB1EE8F0170057998A /* AlterableHeightCellViewController.m */,
				467FB8DD1EE8F0230057998A /* AlterableHeightCellTableViewCell.h */,
				467FB8DE1EE8F0230057998A /* AlterableHeightCellTableViewCell.m */,
			);
			path = "用masonry写不定高cell";
			sourceTree = "<group>";
		};
		467FB8EB1EE94A5C0057998A /* masonry布局系列 */ = {
			isa = PBXGroup;
			children = (
				DC33C8E51EFA9759000858A0 /* 有趣的Autolayout2 */,
				462C4EAD1EEF81F70019E518 /* 测试优先级,压缩阻力,拉伸阻力 */,
				467FB8F01EE950490057998A /* 动态高度Label */,
				467FB8EC1EE94A5C0057998A /* 简单的masonry布局scrollView */,
			);
			path = "masonry布局系列";
			sourceTree = "<group>";
		};
		467FB8EC1EE94A5C0057998A /* 简单的masonry布局scrollView */ = {
			isa = PBXGroup;
			children = (
				467FB8ED1EE94A5C0057998A /* AdViewController.h */,
				467FB8EE1EE94A5C0057998A /* AdViewController.m */,
			);
			path = "简单的masonry布局scrollView";
			sourceTree = "<group>";
		};
		467FB8F01EE950490057998A /* 动态高度Label */ = {
			isa = PBXGroup;
			children = (
				467FB8F11EE950490057998A /* DynamicLabelViewController.h */,
				467FB8F21EE950490057998A /* DynamicLabelViewController.m */,
			);
			path = "动态高度Label";
			sourceTree = "<group>";
		};
		46BBC9B21EE10FE900818DD9 /* 带文字选择评价的星星等级 */ = {
			isa = PBXGroup;
			children = (
				46BBC9B31EE10FE900818DD9 /* HXYCustomButton.h */,
				46BBC9B41EE10FE900818DD9 /* HXYCustomButton.m */,
				46BBC9B51EE10FE900818DD9 /* HXYEstimateStarView.h */,
				46BBC9B61EE10FE900818DD9 /* HXYEstimateStarView.m */,
				46629DD71F00BA9500E3B1B9 /* HXYButton.h */,
				46629DD81F00BA9500E3B1B9 /* HXYButton.m */,
			);
			path = "带文字选择评价的星星等级";
			sourceTree = "<group>";
		};
		46BBC9CF1EE10FE900818DD9 /* 有占位符的textView */ = {
			isa = PBXGroup;
			children = (
				46BBC9D01EE10FE900818DD9 /* HXYTextView.h */,
				46BBC9D11EE10FE900818DD9 /* HXYTextView.m */,
			);
			path = "有占位符的textView";
			sourceTree = "<group>";
		};
		46BBC9E01EE1102500818DD9 /* Image */ = {
			isa = PBXGroup;
			children = (
				4677CC7D1EEA53FA007B9B53 /* doge@2x.png */,
				4677CC7B1EEA53C9007B9B53 /* dogebread.png */,
				46BBCA011EE6772000818DD9 /* 个人 */,
				46BBC9F81EE676ED00818DD9 /* 评价 */,
			);
			path = Image;
			sourceTree = "<group>";
		};
		46BBC9F81EE676ED00818DD9 /* 评价 */ = {
			isa = PBXGroup;
			children = (
				46BBC9F91EE676ED00818DD9 /* estimateSelected.png */,
				46BBC9FA1EE676ED00818DD9 /* estimateSelected@2x.png */,
				46BBC9FB1EE676ED00818DD9 /* estimateUnSelected.png */,
				46BBC9FC1EE676ED00818DD9 /* estimateUnSelected@2x.png */,
			);
			path = "评价";
			sourceTree = "<group>";
		};
		46BBCA011EE6772000818DD9 /* 个人 */ = {
			isa = PBXGroup;
			children = (
				46BBCA1B1EE6876E00818DD9 /* my_info_middleCurve.png */,
				46BBCA061EE6779500818DD9 /* middleIcon */,
				46BBCA021EE6772000818DD9 /* my_info_curve.png */,
			);
			path = "个人";
			sourceTree = "<group>";
		};
		46BBCA061EE6779500818DD9 /* middleIcon */ = {
			isa = PBXGroup;
			children = (
				46BBCA071EE6779500818DD9 /* me-buy.png */,
				46BBCA081EE6779500818DD9 /* me-like.png */,
				46BBCA091EE6779500818DD9 /* me-public.png */,
				46BBCA0A1EE6779500818DD9 /* me-recive.png */,
				46BBCA0B1EE6779500818DD9 /* me-sale.png */,
				46BBCA0C1EE6779500818DD9 /* me-ticket.png */,
				46BBCA0D1EE6779500818DD9 /* 优惠券icon.png */,
				46BBCA0E1EE6779500818DD9 /* 现金_icon.png */,
				46BBCA0F1EE6779500818DD9 /* 礼物.png */,
				46BBCA101EE6779500818DD9 /* 许愿星_icon.png */,
			);
			path = middleIcon;
			sourceTree = "<group>";
		};
		65C5E28D302FBC7A93283146 /* Pods */ = {
			isa = PBXGroup;
			children = (
				1C30AEBB22BFDC2BDFE7C21E /* Pods-textAll.debug.xcconfig */,
				365083BED8CD77AFA88AE881 /* Pods-textAll.release.xcconfig */,
			);
			name = Pods;
			sourceTree = "<group>";
		};
		AA66E5503084C376609F564F /* Frameworks */ = {
			isa = PBXGroup;
			children = (
				46E90F441EF3A39C0086BD7C /* VideoToolbox.framework */,
				46E90F421EF3A3960086BD7C /* UIKit.framework */,
				46E90F401EF3A3910086BD7C /* QuartzCore.framework */,
				46E90F3E1EF3A38C0086BD7C /* OpenGLES.framework */,
				46E90F3C1EF3A3860086BD7C /* MobileCoreServices.framework */,
				46E90F3A1EF3A3790086BD7C /* MediaPlayer.framework */,
				46E90F381EF3A3740086BD7C /* CoreVideo.framework */,
				46E90F361EF3A36C0086BD7C /* CoreMedia.framework */,
				46E90F341EF3A3620086BD7C /* CoreGraphics.framework */,
				46E90F321EF3A35D0086BD7C /* AVFoundation.framework */,
				46E90F301EF3A3580086BD7C /* AudioToolbox.framework */,
				46E90F2E1EF3A3530086BD7C /* libbz2.tbd */,
				46E90F2C1EF3A34C0086BD7C /* libz.tbd */,
				6156D5A9A04864CA16C79CC9 /* Pods_textAll.framework */,
			);
			name = Frameworks;
			sourceTree = "<group>";
		};
		DC33C8E51EFA9759000858A0 /* 有趣的Autolayout2 */ = {
			isa = PBXGroup;
			children = (
				DC46ED761EFF8829005A1302 /* Common.h */,
				DC46ED771EFF8829005A1302 /* Common.m */,
				DC33C8FE1EFAB808000858A0 /* AutoLayout2ViewController.h */,
				DC33C8FF1EFAB808000858A0 /* AutoLayout2ViewController.m */,
				DC33C8FC1EFAB46E000858A0 /* InterestingAutolayout.storyboard */,
				DC33C8E61EFA9759000858A0 /* Autolayout的“动态绑定”特性 */,
				DC33C8E71EFA9759000858A0 /* cell中并排多个变高Label */,
				DC33C8E81EFA9759000858A0 /* Parallax Header */,
				DC33C8E91EFA9759000858A0 /* topOrBottomGuideView */,
				DC33C8EA1EFA9759000858A0 /* View的intrinsicContentSize */,
				DC33C8EB1EFA9759000858A0 /* 利用layoutIfNeeded控制约束生效时机 */,
				DC33C8EC1EFA9759000858A0 /* 动态居中 */,
				DC33C8ED1EFA9759000858A0 /* 动态展开TableViewCell */,
				DC33C8EE1EFA9759000858A0 /* 变高 cell */,
				DC33C8EF1EFA9759000858A0 /* 同一个属性可以添加多个约束 */,
				DC33C8F01EFA9759000858A0 /* 并排Label */,
				DC33C8F11EFA9759000858A0 /* 用优先级保证内容可见 */,
				DC33C8F21EFA9759000858A0 /* 百分比宽度 */,
				DC33C8F31EFA9759000858A0 /* 自定义Baseline */,
			);
			path = "有趣的Autolayout2";
			sourceTree = "<group>";
		};
		DC33C8E61EFA9759000858A0 /* Autolayout的“动态绑定”特性 */ = {
			isa = PBXGroup;
			children = (
			);
			path = "Autolayout的“动态绑定”特性";
			sourceTree = "<group>";
		};
		DC33C8E71EFA9759000858A0 /* cell中并排多个变高Label */ = {
			isa = PBXGroup;
			children = (
			);
			path = "cell中并排多个变高Label";
			sourceTree = "<group>";
		};
		DC33C8E81EFA9759000858A0 /* Parallax Header */ = {
			isa = PBXGroup;
			children = (
				DC46ED7F1F028A6A005A1302 /* Case7TableViewController.h */,
				DC46ED801F028A6A005A1302 /* Case7TableViewController.m */,
			);
			path = "Parallax Header";
			sourceTree = "<group>";
		};
		DC33C8E91EFA9759000858A0 /* topOrBottomGuideView */ = {
			isa = PBXGroup;
			children = (
				DC46ED791F012852005A1302 /* case5ViewController.h */,
				DC46ED7A1F012852005A1302 /* case5ViewController.m */,
			);
			path = topOrBottomGuideView;
			sourceTree = "<group>";
		};
		DC33C8EA1EFA9759000858A0 /* View的intrinsicContentSize */ = {
			isa = PBXGroup;
			children = (
			);
			path = "View的intrinsicContentSize";
			sourceTree = "<group>";
		};
		DC33C8EB1EFA9759000858A0 /* 利用layoutIfNeeded控制约束生效时机 */ = {
			isa = PBXGroup;
			children = (
			);
			path = "利用layoutIfNeeded控制约束生效时机";
			sourceTree = "<group>";
		};
		DC33C8EC1EFA9759000858A0 /* 动态居中 */ = {
			isa = PBXGroup;
			children = (
				DC33C9011EFBF975000858A0 /* Case2ViewController.h */,
				DC33C9021EFBF975000858A0 /* Case2ViewController.m */,
			);
			path = "动态居中";
			sourceTree = "<group>";
		};
		DC33C8ED1EFA9759000858A0 /* 动态展开TableViewCell */ = {
			isa = PBXGroup;
			children = (
			);
			path = "动态展开TableViewCell";
			sourceTree = "<group>";
		};
		DC33C8EE1EFA9759000858A0 /* 变高 cell */ = {
			isa = PBXGroup;
			children = (
				DC46ED6D1EFF84E3005A1302 /* selfAdjustCellViewController.h */,
				DC46ED6E1EFF84E3005A1302 /* selfAdjustCellViewController.m */,
				DC46ED701EFF8531005A1302 /* SelfAdjustTableViewCell.h */,
				DC46ED711EFF8531005A1302 /* SelfAdjustTableViewCell.m */,
				DC46ED731EFF8722005A1302 /* Model.h */,
				DC46ED741EFF8722005A1302 /* Model.m */,
			);
			path = "变高 cell";
			sourceTree = "<group>";
		};
		DC33C8EF1EFA9759000858A0 /* 同一个属性可以添加多个约束 */ = {
			isa = PBXGroup;
			children = (
			);
			path = "同一个属性可以添加多个约束";
			sourceTree = "<group>";
		};
		DC33C8F01EFA9759000858A0 /* 并排Label */ = {
			isa = PBXGroup;
			children = (
				DC33C8F71EFAA6A9000858A0 /* Case1ViewController.h */,
				DC33C8F81EFAA6A9000858A0 /* Case1ViewController.m */,
			);
			path = "并排Label";
			sourceTree = "<group>";
		};
		DC33C8F11EFA9759000858A0 /* 用优先级保证内容可见 */ = {
			isa = PBXGroup;
			children = (
			);
			path = "用优先级保证内容可见";
			sourceTree = "<group>";
		};
		DC33C8F21EFA9759000858A0 /* 百分比宽度 */ = {
			isa = PBXGroup;
			children = (
				DC33C9041EFC05A0000858A0 /* PercentWIdthViewController.h */,
				DC33C9051EFC05A0000858A0 /* PercentWIdthViewController.m */,
			);
			path = "百分比宽度";
			sourceTree = "<group>";
		};
		DC33C8F31EFA9759000858A0 /* 自定义Baseline */ = {
			isa = PBXGroup;
			children = (
			);
			path = "自定义Baseline";
			sourceTree = "<group>";
		};
		DCFDE63F1ED9CACB0006DCFE = {
			isa = PBXGroup;
			children = (
				DCFDE64A1ED9CACB0006DCFE /* textAll */,
				DCFDE6491ED9CACB0006DCFE /* Products */,
				65C5E28D302FBC7A93283146 /* Pods */,
				AA66E5503084C376609F564F /* Frameworks */,
			);
			sourceTree = "<group>";
		};
		DCFDE6491ED9CACB0006DCFE /* Products */ = {
			isa = PBXGroup;
			children = (
				DCFDE6481ED9CACB0006DCFE /* textAll.app */,
			);
			name = Products;
			sourceTree = "<group>";
		};
		DCFDE64A1ED9CACB0006DCFE /* textAll */ = {
			isa = PBXGroup;
			children = (
				463480991F1C594900C5FDC4 /* MBProgressHUD */,
				463480681F1C50BD00C5FDC4 /* PlayMediaView */,
				463480641F1C4FD500C5FDC4 /* StarView */,
				4634804F1F1C4B5000C5FDC4 /* 滚动视图 */,
				4634804A1F1C4B3300C5FDC4 /* 按钮 */,
				466EE14A1F0B94A100E9D018 /* Alert */,
				466EE1521F0B94A100E9D018 /* Tools */,
				467AD3681EF215F900484253 /* Socket */,
				467AD3671EF139B300484253 /* DXPopView */,
				463ADD1F1EF110540062422D /* 弹出框 */,
				467FB8EB1EE94A5C0057998A /* masonry布局系列 */,
				467FB8D91EE8EFC80057998A /* 用masonry写不定高cell */,
				46BBC9E01EE1102500818DD9 /* Image */,
				46BBC9B21EE10FE900818DD9 /* 带文字选择评价的星星等级 */,
				46BBC9CF1EE10FE900818DD9 /* 有占位符的textView */,
				DCFDE6621ED9CF8D0006DCFE /* HXYMyTableViewCell.h */,
				DCFDE6631ED9CF8D0006DCFE /* HXYMyTableViewCell.m */,
				46BBC9F51EE6452A00818DD9 /* HXYHorizontalTextButton.h */,
				46BBC9F61EE6452A00818DD9 /* HXYHorizontalTextButton.m */,
				DC33C8C41EE57CCD000858A0 /* BezierPathLearning.h */,
				DC33C8C51EE57CCD000858A0 /* BezierPathLearning.m */,
				DC1F66561EE03BA100B2DA20 /* HxyTestCellViewController.h */,
				DC1F66571EE03BA100B2DA20 /* HxyTestCellViewController.m */,
				467FB8D61EE7AA360057998A /* HXYMyViewController.h */,
				467FB8D71EE7AA360057998A /* HXYMyViewController.m */,
				DC1F66591EE03BEB00B2DA20 /* HXYMyInfoView.h */,
				DC1F665A1EE03BEB00B2DA20 /* HXYMyInfoView.m */,
				DC1F665F1EE0408C00B2DA20 /* drawCurve.h */,
				DC1F66601EE0408C00B2DA20 /* drawCurve.m */,
				DCFDE64E1ED9CACB0006DCFE /* AppDelegate.h */,
				DCFDE64F1ED9CACB0006DCFE /* AppDelegate.m */,
				DCFDE6511ED9CACB0006DCFE /* ViewController.h */,
				DCFDE6521ED9CACB0006DCFE /* ViewController.m */,
				DCFDE6541ED9CACB0006DCFE /* Main.storyboard */,
				DCFDE6571ED9CACB0006DCFE /* Assets.xcassets */,
				DCFDE6591ED9CACB0006DCFE /* LaunchScreen.storyboard */,
				DCFDE65C1ED9CACB0006DCFE /* Info.plist */,
				DCFDE64B1ED9CACB0006DCFE /* Supporting Files */,
			);
			path = textAll;
			sourceTree = "<group>";
		};
		DCFDE64B1ED9CACB0006DCFE /* Supporting Files */ = {
			isa = PBXGroup;
			children = (
				46BBCA1D1EE6941900818DD9 /* Macro.h */,
				DCFDE64C1ED9CACB0006DCFE /* main.m */,
			);
			name = "Supporting Files";
			sourceTree = "<group>";
		};
/* End PBXGroup section */

/* Begin PBXNativeTarget section */
		DCFDE6471ED9CACB0006DCFE /* textAll */ = {
			isa = PBXNativeTarget;
			buildConfigurationList = DCFDE65F1ED9CACB0006DCFE /* Build configuration list for PBXNativeTarget "textAll" */;
			buildPhases = (
				89422BBB3A7B0037E2DC166A /* [CP] Check Pods Manifest.lock */,
				DCFDE6441ED9CACB0006DCFE /* Sources */,
				DCFDE6451ED9CACB0006DCFE /* Frameworks */,
				DCFDE6461ED9CACB0006DCFE /* Resources */,
				331ACCDB3CE0DD99B90CE417 /* [CP] Embed Pods Frameworks */,
				A2E61E79FDECA5B4E5B86EDB /* [CP] Copy Pods Resources */,
			);
			buildRules = (
			);
			dependencies = (
			);
			name = textAll;
			productName = textAll;
			productReference = DCFDE6481ED9CACB0006DCFE /* textAll.app */;
			productType = "com.apple.product-type.application";
		};
/* End PBXNativeTarget section */

/* Begin PBXProject section */
		DCFDE6401ED9CACB0006DCFE /* Project object */ = {
			isa = PBXProject;
			attributes = {
				LastUpgradeCheck = 0820;
				ORGANIZATIONNAME = hexiaoyi;
				TargetAttributes = {
					DCFDE6471ED9CACB0006DCFE = {
						CreatedOnToolsVersion = 8.2.1;
						ProvisioningStyle = Automatic;
					};
				};
			};
			buildConfigurationList = DCFDE6431ED9CACB0006DCFE /* Build configuration list for PBXProject "textAll" */;
			compatibilityVersion = "Xcode 3.2";
			developmentRegion = English;
			hasScannedForEncodings = 0;
			knownRegions = (
				en,
				Base,
			);
			mainGroup = DCFDE63F1ED9CACB0006DCFE;
			productRefGroup = DCFDE6491ED9CACB0006DCFE /* Products */;
			projectDirPath = "";
			projectRoot = "";
			targets = (
				DCFDE6471ED9CACB0006DCFE /* textAll */,
			);
		};
/* End PBXProject section */

/* Begin PBXResourcesBuildPhase section */
		DCFDE6461ED9CACB0006DCFE /* Resources */ = {
			isa = PBXResourcesBuildPhase;
			buildActionMask = 2147483647;
			files = (
				DCFDE65B1ED9CACB0006DCFE /* LaunchScreen.storyboard in Resources */,
				4677CC7C1EEA53C9007B9B53 /* dogebread.png in Resources */,
				46BBC9FF1EE676EE00818DD9 /* estimateUnSelected.png in Resources */,
				46BBCA001EE676EE00818DD9 /* estimateUnSelected@2x.png in Resources */,
				463480951F1C50BD00C5FDC4 /* ZFPlayer.bundle in Resources */,
				46BBCA191EE6779500818DD9 /* 礼物.png in Resources */,
				46BBCA121EE6779500818DD9 /* me-like.png in Resources */,
				DC33C8FD1EFAB46E000858A0 /* InterestingAutolayout.storyboard in Resources */,
				46BBCA181EE6779500818DD9 /* 现金_icon.png in Resources */,
				46BBCA1A1EE6779500818DD9 /* 许愿星_icon.png in Resources */,
				46BBCA111EE6779500818DD9 /* me-buy.png in Resources */,
				46BBCA131EE6779500818DD9 /* me-public.png in Resources */,
				46BBCA171EE6779500818DD9 /* 优惠券icon.png in Resources */,
				DCFDE6581ED9CACB0006DCFE /* Assets.xcassets in Resources */,
				46BBCA1C1EE6876E00818DD9 /* my_info_middleCurve.png in Resources */,
				46BBCA151EE6779500818DD9 /* me-sale.png in Resources */,
				46BBCA041EE6772000818DD9 /* my_info_curve.png in Resources */,
				463480A01F1C594900C5FDC4 /* MBProgressHUD.bundle in Resources */,
				46BBC9FE1EE676EE00818DD9 /* estimateSelected@2x.png in Resources */,
				46BBC9FD1EE676EE00818DD9 /* estimateSelected.png in Resources */,
				4677CC7E1EEA53FA007B9B53 /* doge@2x.png in Resources */,
				46BBCA141EE6779500818DD9 /* me-recive.png in Resources */,
				46BBCA161EE6779500818DD9 /* me-ticket.png in Resources */,
				DCFDE6561ED9CACB0006DCFE /* Main.storyboard in Resources */,
			);
			runOnlyForDeploymentPostprocessing = 0;
		};
/* End PBXResourcesBuildPhase section */

/* Begin PBXShellScriptBuildPhase section */
		331ACCDB3CE0DD99B90CE417 /* [CP] Embed Pods Frameworks */ = {
			isa = PBXShellScriptBuildPhase;
			buildActionMask = 2147483647;
			files = (
			);
			inputPaths = (
			);
			name = "[CP] Embed Pods Frameworks";
			outputPaths = (
			);
			runOnlyForDeploymentPostprocessing = 0;
			shellPath = /bin/sh;
			shellScript = "\"${SRCROOT}/Pods/Target Support Files/Pods-textAll/Pods-textAll-frameworks.sh\"\n";
			showEnvVarsInLog = 0;
		};
		89422BBB3A7B0037E2DC166A /* [CP] Check Pods Manifest.lock */ = {
			isa = PBXShellScriptBuildPhase;
			buildActionMask = 2147483647;
			files = (
			);
			inputPaths = (
			);
			name = "[CP] Check Pods Manifest.lock";
			outputPaths = (
			);
			runOnlyForDeploymentPostprocessing = 0;
			shellPath = /bin/sh;
			shellScript = "diff \"${PODS_ROOT}/../Podfile.lock\" \"${PODS_ROOT}/Manifest.lock\" > /dev/null\nif [ $? != 0 ] ; then\n    # print error to STDERR\n    echo \"error: The sandbox is not in sync with the Podfile.lock. Run 'pod install' or update your CocoaPods installation.\" >&2\n    exit 1\nfi\n";
			showEnvVarsInLog = 0;
		};
		A2E61E79FDECA5B4E5B86EDB /* [CP] Copy Pods Resources */ = {
			isa = PBXShellScriptBuildPhase;
			buildActionMask = 2147483647;
			files = (
			);
			inputPaths = (
			);
			name = "[CP] Copy Pods Resources";
			outputPaths = (
			);
			runOnlyForDeploymentPostprocessing = 0;
			shellPath = /bin/sh;
			shellScript = "\"${SRCROOT}/Pods/Target Support Files/Pods-textAll/Pods-textAll-resources.sh\"\n";
			showEnvVarsInLog = 0;
		};
/* End PBXShellScriptBuildPhase section */

/* Begin PBXSourcesBuildPhase section */
		DCFDE6441ED9CACB0006DCFE /* Sources */ = {
			isa = PBXSourcesBuildPhase;
			buildActionMask = 2147483647;
			files = (
				463480971F1C50BD00C5FDC4 /* ZFPlayerModel.m in Sources */,
				DC46ED721EFF8531005A1302 /* SelfAdjustTableViewCell.m in Sources */,
				46BBC9F71EE6452A00818DD9 /* HXYHorizontalTextButton.m in Sources */,
				DC46ED781EFF8829005A1302 /* Common.m in Sources */,
				463480941F1C50BD00C5FDC4 /* ZFBrightnessView.m in Sources */,
				463480981F1C50BD00C5FDC4 /* ZFPlayerView.m in Sources */,
				466EE1861F0B94A200E9D018 /* UIImage+HXYCategory.m in Sources */,
				DC46ED7B1F012852005A1302 /* case5ViewController.m in Sources */,
				463480931F1C50BD00C5FDC4 /* MMMaterialDesignSpinner.m in Sources */,
				466EE18A1F0B94A200E9D018 /* UITableViewCell+HXYCategory.m in Sources */,
				DC1F665B1EE03BEB00B2DA20 /* HXYMyInfoView.m in Sources */,
				4634809F1F1C594900C5FDC4 /* MBProgressHUD+Category.m in Sources */,
				462C4EB01EEF820F0019E518 /* TestPriorityViewController.m in Sources */,
				463480901F1C50BD00C5FDC4 /* UITabBarController+ZFPlayerRotation.m in Sources */,
				466EE1821F0B94A200E9D018 /* NSDate+HXYCategory.m in Sources */,
				DC1F66611EE0408C00B2DA20 /* drawCurve.m in Sources */,
				467FB8EF1EE94A5C0057998A /* AdViewController.m in Sources */,
				DC46ED6F1EFF84E3005A1302 /* selfAdjustCellViewController.m in Sources */,
				463480571F1C4B5000C5FDC4 /* MXPageControlView.m in Sources */,
				4634808D1F1C50BD00C5FDC4 /* UIAlertController+ZFPlayerRotation.m in Sources */,
				466EE1851F0B94A200E9D018 /* UIColor+HXYCategory.m in Sources */,
				DCFDE6531ED9CACB0006DCFE /* ViewController.m in Sources */,
				4634805E1F1C4B9B00C5FDC4 /* HXYCancelOrderViewController.m in Sources */,
				463480561F1C4B5000C5FDC4 /* MXCycleScrollView.m in Sources */,
				467FB8F31EE950490057998A /* DynamicLabelViewController.m in Sources */,
				46BBC9D21EE10FE900818DD9 /* HXYCustomButton.m in Sources */,
				DC33C9001EFAB808000858A0 /* AutoLayout2ViewController.m in Sources */,
				463480A11F1C594900C5FDC4 /* MBProgressHUD.m in Sources */,
				466EE18C1F0B94A200E9D018 /* UIViewController+HXYCategory.m in Sources */,
				DC33C8C61EE57CCD000858A0 /* BezierPathLearning.m in Sources */,
				4634808F1F1C50BD00C5FDC4 /* UINavigationController+ZFPlayerRotation.m in Sources */,
				4634808B1F1C50BD00C5FDC4 /* ASValuePopUpView.m in Sources */,
				DC33C8FA1EFAA6A9000858A0 /* Case1ViewController.m in Sources */,
				DCFDE6641ED9CF8D0006DCFE /* HXYMyTableViewCell.m in Sources */,
				DC33C9061EFC05A0000858A0 /* PercentWIdthViewController.m in Sources */,
				DCFDE6501ED9CACB0006DCFE /* AppDelegate.m in Sources */,
				463480A41F1C5DD900C5FDC4 /* RotatingView.m in Sources */,
				467FB8DC1EE8F0170057998A /* AlterableHeightCellViewController.m in Sources */,
				466EE1871F0B94A200E9D018 /* UIImageView+HXYCategory.m in Sources */,
				DC46ED811F028A6A005A1302 /* Case7TableViewController.m in Sources */,
				463480961F1C50BD00C5FDC4 /* ZFPlayerControlView.m in Sources */,
				467FB8D81EE7AA360057998A /* HXYMyViewController.m in Sources */,
				463480911F1C50BD00C5FDC4 /* UIView+CustomControlView.m in Sources */,
				466EE1881F0B94A200E9D018 /* UILabel+HXYCategory.m in Sources */,
				463ADD221EF110790062422D /* HXYAlertViewController.m in Sources */,
				DC1F66581EE03BA100B2DA20 /* HxyTestCellViewController.m in Sources */,
				467FB8DF1EE8F0230057998A /* AlterableHeightCellTableViewCell.m in Sources */,
				466EE18B1F0B94A200E9D018 /* UIView+HXYCategory.m in Sources */,
				463480671F1C4FD500C5FDC4 /* HXYStarView.m in Sources */,
				4634808C1F1C50BD00C5FDC4 /* ASValueTrackingSlider.m in Sources */,
				466EE1831F0B94A200E9D018 /* NSString+HXYCategory.m in Sources */,
				46BBC9D31EE10FE900818DD9 /* HXYEstimateStarView.m in Sources */,
				466EE17A1F0B94A200E9D018 /* HXYAuthenticationView.m in Sources */,
				466EE17E1F0B94A200E9D018 /* HXYLocationManager.m in Sources */,
				DC33C9031EFBF975000858A0 /* Case2ViewController.m in Sources */,
				4634808E1F1C50BD00C5FDC4 /* UIImageView+ZFCache.m in Sources */,
				466EE17B1F0B94A200E9D018 /* HXYBindPhoneView.m in Sources */,
				DCFDE64D1ED9CACB0006DCFE /* main.m in Sources */,
				46629DD91F00BA9500E3B1B9 /* HXYButton.m in Sources */,
				4634805F1F1C4B9B00C5FDC4 /* HXYCancelTableViewCell.m in Sources */,
				467AD36B1EF2160A00484253 /* SocketManager.m in Sources */,
				4634808A1F1C50BD00C5FDC4 /* HXYPlayMediumView.m in Sources */,
				466EE17D1F0B94A200E9D018 /* HXYKVOArrayModel.m in Sources */,
				DC46ED751EFF8722005A1302 /* Model.m in Sources */,
				463480921F1C50BD00C5FDC4 /* UIViewController+ZFPlayerRotation.m in Sources */,
				466EE1841F0B94A200E9D018 /* UIButton+HXYCategory.m in Sources */,
				46BBC9DF1EE10FE900818DD9 /* HXYTextView.m in Sources */,
				466EE1891F0B94A200E9D018 /* UINavigationBar+Awesome.m in Sources */,
				466EE17C1F0B94A200E9D018 /* UIImageView+CornerRadius.m in Sources */,
			);
			runOnlyForDeploymentPostprocessing = 0;
		};
/* End PBXSourcesBuildPhase section */

/* Begin PBXVariantGroup section */
		DCFDE6541ED9CACB0006DCFE /* Main.storyboard */ = {
			isa = PBXVariantGroup;
			children = (
				DCFDE6551ED9CACB0006DCFE /* Base */,
			);
			name = Main.storyboard;
			sourceTree = "<group>";
		};
		DCFDE6591ED9CACB0006DCFE /* LaunchScreen.storyboard */ = {
			isa = PBXVariantGroup;
			children = (
				DCFDE65A1ED9CACB0006DCFE /* Base */,
			);
			name = LaunchScreen.storyboard;
			sourceTree = "<group>";
		};
/* End PBXVariantGroup section */

/* Begin XCBuildConfiguration section */
		DCFDE65D1ED9CACB0006DCFE /* Debug */ = {
			isa = XCBuildConfiguration;
			buildSettings = {
				ALWAYS_SEARCH_USER_PATHS = NO;
				CLANG_ANALYZER_NONNULL = YES;
				CLANG_CXX_LANGUAGE_STANDARD = "gnu++0x";
				CLANG_CXX_LIBRARY = "libc++";
				CLANG_ENABLE_MODULES = YES;
				CLANG_ENABLE_OBJC_ARC = YES;
				CLANG_WARN_BOOL_CONVERSION = YES;
				CLANG_WARN_CONSTANT_CONVERSION = YES;
				CLANG_WARN_DIRECT_OBJC_ISA_USAGE = YES_ERROR;
				CLANG_WARN_DOCUMENTATION_COMMENTS = YES;
				CLANG_WARN_EMPTY_BODY = YES;
				CLANG_WARN_ENUM_CONVERSION = YES;
				CLANG_WARN_INFINITE_RECURSION = YES;
				CLANG_WARN_INT_CONVERSION = YES;
				CLANG_WARN_OBJC_ROOT_CLASS = YES_ERROR;
				CLANG_WARN_SUSPICIOUS_MOVE = YES;
				CLANG_WARN_UNREACHABLE_CODE = YES;
				CLANG_WARN__DUPLICATE_METHOD_MATCH = YES;
				"CODE_SIGN_IDENTITY[sdk=iphoneos*]" = "iPhone Developer";
				COPY_PHASE_STRIP = NO;
				DEBUG_INFORMATION_FORMAT = dwarf;
				ENABLE_STRICT_OBJC_MSGSEND = YES;
				ENABLE_TESTABILITY = YES;
				GCC_C_LANGUAGE_STANDARD = gnu99;
				GCC_DYNAMIC_NO_PIC = NO;
				GCC_NO_COMMON_BLOCKS = YES;
				GCC_OPTIMIZATION_LEVEL = 0;
				GCC_PREPROCESSOR_DEFINITIONS = (
					"DEBUG=1",
					"$(inherited)",
				);
				GCC_WARN_64_TO_32_BIT_CONVERSION = YES;
				GCC_WARN_ABOUT_RETURN_TYPE = YES_ERROR;
				GCC_WARN_UNDECLARED_SELECTOR = YES;
				GCC_WARN_UNINITIALIZED_AUTOS = YES_AGGRESSIVE;
				GCC_WARN_UNUSED_FUNCTION = YES;
				GCC_WARN_UNUSED_VARIABLE = YES;
				IPHONEOS_DEPLOYMENT_TARGET = 10.2;
				MTL_ENABLE_DEBUG_INFO = YES;
				ONLY_ACTIVE_ARCH = YES;
				SDKROOT = iphoneos;
			};
			name = Debug;
		};
		DCFDE65E1ED9CACB0006DCFE /* Release */ = {
			isa = XCBuildConfiguration;
			buildSettings = {
				ALWAYS_SEARCH_USER_PATHS = NO;
				CLANG_ANALYZER_NONNULL = YES;
				CLANG_CXX_LANGUAGE_STANDARD = "gnu++0x";
				CLANG_CXX_LIBRARY = "libc++";
				CLANG_ENABLE_MODULES = YES;
				CLANG_ENABLE_OBJC_ARC = YES;
				CLANG_WARN_BOOL_CONVERSION = YES;
				CLANG_WARN_CONSTANT_CONVERSION = YES;
				CLANG_WARN_DIRECT_OBJC_ISA_USAGE = YES_ERROR;
				CLANG_WARN_DOCUMENTATION_COMMENTS = YES;
				CLANG_WARN_EMPTY_BODY = YES;
				CLANG_WARN_ENUM_CONVERSION = YES;
				CLANG_WARN_INFINITE_RECURSION = YES;
				CLANG_WARN_INT_CONVERSION = YES;
				CLANG_WARN_OBJC_ROOT_CLASS = YES_ERROR;
				CLANG_WARN_SUSPICIOUS_MOVE = YES;
				CLANG_WARN_UNREACHABLE_CODE = YES;
				CLANG_WARN__DUPLICATE_METHOD_MATCH = YES;
				"CODE_SIGN_IDENTITY[sdk=iphoneos*]" = "iPhone Developer";
				COPY_PHASE_STRIP = NO;
				DEBUG_INFORMATION_FORMAT = "dwarf-with-dsym";
				ENABLE_NS_ASSERTIONS = NO;
				ENABLE_STRICT_OBJC_MSGSEND = YES;
				GCC_C_LANGUAGE_STANDARD = gnu99;
				GCC_NO_COMMON_BLOCKS = YES;
				GCC_WARN_64_TO_32_BIT_CONVERSION = YES;
				GCC_WARN_ABOUT_RETURN_TYPE = YES_ERROR;
				GCC_WARN_UNDECLARED_SELECTOR = YES;
				GCC_WARN_UNINITIALIZED_AUTOS = YES_AGGRESSIVE;
				GCC_WARN_UNUSED_FUNCTION = YES;
				GCC_WARN_UNUSED_VARIABLE = YES;
				IPHONEOS_DEPLOYMENT_TARGET = 10.2;
				MTL_ENABLE_DEBUG_INFO = NO;
				SDKROOT = iphoneos;
				VALIDATE_PRODUCT = YES;
			};
			name = Release;
		};
		DCFDE6601ED9CACB0006DCFE /* Debug */ = {
			isa = XCBuildConfiguration;
			baseConfigurationReference = 1C30AEBB22BFDC2BDFE7C21E /* Pods-textAll.debug.xcconfig */;
			buildSettings = {
				ASSETCATALOG_COMPILER_APPICON_NAME = AppIcon;
				FRAMEWORK_SEARCH_PATHS = (
					"$(inherited)",
					"$(PROJECT_DIR)/textAll/ijkplayer",
				);
				GCC_PREFIX_HEADER = "$(SRCROOT)/textAll/Macro.h";
				INFOPLIST_FILE = textAll/Info.plist;
				IPHONEOS_DEPLOYMENT_TARGET = 8.0;
				LD_RUNPATH_SEARCH_PATHS = "$(inherited) @executable_path/Frameworks";
				PRODUCT_BUNDLE_IDENTIFIER = hexiaoyi.textAll;
				PRODUCT_NAME = "$(TARGET_NAME)";
			};
			name = Debug;
		};
		DCFDE6611ED9CACB0006DCFE /* Release */ = {
			isa = XCBuildConfiguration;
			baseConfigurationReference = 365083BED8CD77AFA88AE881 /* Pods-textAll.release.xcconfig */;
			buildSettings = {
				ASSETCATALOG_COMPILER_APPICON_NAME = AppIcon;
				FRAMEWORK_SEARCH_PATHS = (
					"$(inherited)",
					"$(PROJECT_DIR)/textAll/ijkplayer",
				);
				GCC_PREFIX_HEADER = "$(SRCROOT)/textAll/Macro.h";
				INFOPLIST_FILE = textAll/Info.plist;
				IPHONEOS_DEPLOYMENT_TARGET = 8.0;
				LD_RUNPATH_SEARCH_PATHS = "$(inherited) @executable_path/Frameworks";
				PRODUCT_BUNDLE_IDENTIFIER = hexiaoyi.textAll;
				PRODUCT_NAME = "$(TARGET_NAME)";
			};
			name = Release;
		};
/* End XCBuildConfiguration section */

/* Begin XCConfigurationList section */
		DCFDE6431ED9CACB0006DCFE /* Build configuration list for PBXProject "textAll" */ = {
			isa = XCConfigurationList;
			buildConfigurations = (
				DCFDE65D1ED9CACB0006DCFE /* Debug */,
				DCFDE65E1ED9CACB0006DCFE /* Release */,
			);
			defaultConfigurationIsVisible = 0;
			defaultConfigurationName = Release;
		};
		DCFDE65F1ED9CACB0006DCFE /* Build configuration list for PBXNativeTarget "textAll" */ = {
			isa = XCConfigurationList;
			buildConfigurations = (
				DCFDE6601ED9CACB0006DCFE /* Debug */,
				DCFDE6611ED9CACB0006DCFE /* Release */,
			);
			defaultConfigurationIsVisible = 0;
			defaultConfigurationName = Release;
		};
/* End XCConfigurationList section */
	};
	rootObject = DCFDE6401ED9CACB0006DCFE /* Project object */;
}
